// !$*UTF8*$!
{
	archiveVersion = 1;
	classes = {
	};
	objectVersion = 60;
	objects = {

/* Begin PBXBuildFile section */
		120BE5D92D5FE84600CFCF4F /* BolusViewModel.swift in Sources */ = {isa = PBXBuildFile; fileRef = 120BE5D82D5FE5D400CFCF4F /* BolusViewModel.swift */; };
		120BE5DB2D5FE9D900CFCF4F /* BolusViewModelTests.swift in Sources */ = {isa = PBXBuildFile; fileRef = 120BE5DA2D5FE9C700CFCF4F /* BolusViewModelTests.swift */; };
		120CBFA82D836BEB00388B78 /* SportIntensity.swift in Sources */ = {isa = PBXBuildFile; fileRef = 120CBFA72D836BEB00388B78 /* SportIntensity.swift */; };
		121228DA2D762C2100907135 /* ShowAppVersion.swift in Sources */ = {isa = PBXBuildFile; fileRef = 121228D92D762C2100907135 /* ShowAppVersion.swift */; };
		122428752D7236CB00CDFC96 /* PressableButtonStyle.swift in Sources */ = {isa = PBXBuildFile; fileRef = 122428742D7236CB00CDFC96 /* PressableButtonStyle.swift */; };
		124792B22D6B9B7A003B4F13 /* TimePeriod.swift in Sources */ = {isa = PBXBuildFile; fileRef = 124792B12D6B9B65003B4F13 /* TimePeriod.swift */; };
		124792B42D6B9C56003B4F13 /* SettingsStorage.swift in Sources */ = {isa = PBXBuildFile; fileRef = 124792B32D6B9C4F003B4F13 /* SettingsStorage.swift */; };
		1250AE752D736B0600AC9D25 /* ContentView.swift in Sources */ = {isa = PBXBuildFile; fileRef = 1250AE6A2D736B0600AC9D25 /* ContentView.swift */; };
		1250AE762D736B0600AC9D25 /* InputFields.swift in Sources */ = {isa = PBXBuildFile; fileRef = 1250AE6B2D736B0600AC9D25 /* InputFields.swift */; };
		1250AE782D736B0600AC9D25 /* RestInsulin.swift in Sources */ = {isa = PBXBuildFile; fileRef = 1250AE6D2D736B0600AC9D25 /* RestInsulin.swift */; };
		1250AE792D736B0600AC9D25 /* StartButton.swift in Sources */ = {isa = PBXBuildFile; fileRef = 1250AE6E2D736B0600AC9D25 /* StartButton.swift */; };
		1250AE7A2D736B0600AC9D25 /* Ergebnisse.swift in Sources */ = {isa = PBXBuildFile; fileRef = 1250AE6F2D736B0600AC9D25 /* Ergebnisse.swift */; };
		1250AE7B2D736B0600AC9D25 /* InfoView.swift in Sources */ = {isa = PBXBuildFile; fileRef = 1250AE712D736B0600AC9D25 /* InfoView.swift */; };
		1250AE7C2D736B0600AC9D25 /* SettIngsView.swift in Sources */ = {isa = PBXBuildFile; fileRef = 1250AE722D736B0600AC9D25 /* SettIngsView.swift */; };
		1250AE7D2D736B0600AC9D25 /* WebView.swift in Sources */ = {isa = PBXBuildFile; fileRef = 1250AE732D736B0600AC9D25 /* WebView.swift */; };
		1277E21B2D7910270069F6DA /* gpl-3.0-standalone.html in Resources */ = {isa = PBXBuildFile; fileRef = 1277E2192D7910260069F6DA /* gpl-3.0-standalone.html */; };
		1277E21C2D7910270069F6DA /* gpl-3.0.de.html in Resources */ = {isa = PBXBuildFile; fileRef = 1277E21A2D7910260069F6DA /* gpl-3.0.de.html */; };
		12C373142D72546B00D40408 /* ShortDateFormatter.swift in Sources */ = {isa = PBXBuildFile; fileRef = 12C373132D72546B00D40408 /* ShortDateFormatter.swift */; };
		12C3732D2D727FB200D40408 /* HelpText.html in Resources */ = {isa = PBXBuildFile; fileRef = 12C3732C2D727FB200D40408 /* HelpText.html */; };
		12D488082C03E71600620E0E /* JwaBolusApp.swift in Sources */ = {isa = PBXBuildFile; fileRef = 12D488072C03E71600620E0E /* JwaBolusApp.swift */; };
		12D4880C2C03E71700620E0E /* Assets.xcassets in Resources */ = {isa = PBXBuildFile; fileRef = 12D4880B2C03E71700620E0E /* Assets.xcassets */; };
		12D4880F2C03E71700620E0E /* Preview Assets.xcassets in Resources */ = {isa = PBXBuildFile; fileRef = 12D4880E2C03E71700620E0E /* Preview Assets.xcassets */; };
		12E503ED2D77B83E00DBCA5B /* FontStyleHelper.swift in Sources */ = {isa = PBXBuildFile; fileRef = 12E503EC2D77B83E00DBCA5B /* FontStyleHelper.swift */; };
		12E503EF2D77C1E300DBCA5B /* ResultButton.swift in Sources */ = {isa = PBXBuildFile; fileRef = 12E503EE2D77C1E300DBCA5B /* ResultButton.swift */; };
/* End PBXBuildFile section */

/* Begin PBXContainerItemProxy section */
		12D488152C03E71700620E0E /* PBXContainerItemProxy */ = {
			isa = PBXContainerItemProxy;
			containerPortal = 12D487FC2C03E71600620E0E /* Project object */;
			proxyType = 1;
			remoteGlobalIDString = 12D488032C03E71600620E0E;
			remoteInfo = JwaBolus;
		};
		12D4881F2C03E71700620E0E /* PBXContainerItemProxy */ = {
			isa = PBXContainerItemProxy;
			containerPortal = 12D487FC2C03E71600620E0E /* Project object */;
			proxyType = 1;
			remoteGlobalIDString = 12D488032C03E71600620E0E;
			remoteInfo = JwaBolus;
		};
/* End PBXContainerItemProxy section */

/* Begin PBXFileReference section */
		120BE5D82D5FE5D400CFCF4F /* BolusViewModel.swift */ = {isa = PBXFileReference; lastKnownFileType = sourcecode.swift; path = BolusViewModel.swift; sourceTree = "<group>"; };
		120BE5DA2D5FE9C700CFCF4F /* BolusViewModelTests.swift */ = {isa = PBXFileReference; lastKnownFileType = sourcecode.swift; path = BolusViewModelTests.swift; sourceTree = "<group>"; };
		120CBFA72D836BEB00388B78 /* SportIntensity.swift */ = {isa = PBXFileReference; lastKnownFileType = sourcecode.swift; path = SportIntensity.swift; sourceTree = "<group>"; };
		121228D92D762C2100907135 /* ShowAppVersion.swift */ = {isa = PBXFileReference; lastKnownFileType = sourcecode.swift; path = ShowAppVersion.swift; sourceTree = "<group>"; };
		122428742D7236CB00CDFC96 /* PressableButtonStyle.swift */ = {isa = PBXFileReference; lastKnownFileType = sourcecode.swift; path = PressableButtonStyle.swift; sourceTree = "<group>"; };
		124792B12D6B9B65003B4F13 /* TimePeriod.swift */ = {isa = PBXFileReference; lastKnownFileType = sourcecode.swift; path = TimePeriod.swift; sourceTree = "<group>"; };
		124792B32D6B9C4F003B4F13 /* SettingsStorage.swift */ = {isa = PBXFileReference; lastKnownFileType = sourcecode.swift; path = SettingsStorage.swift; sourceTree = "<group>"; };
		1250AE6A2D736B0600AC9D25 /* ContentView.swift */ = {isa = PBXFileReference; lastKnownFileType = sourcecode.swift; path = ContentView.swift; sourceTree = "<group>"; };
		1250AE6B2D736B0600AC9D25 /* InputFields.swift */ = {isa = PBXFileReference; lastKnownFileType = sourcecode.swift; path = InputFields.swift; sourceTree = "<group>"; };
		1250AE6D2D736B0600AC9D25 /* RestInsulin.swift */ = {isa = PBXFileReference; lastKnownFileType = sourcecode.swift; path = RestInsulin.swift; sourceTree = "<group>"; };
		1250AE6E2D736B0600AC9D25 /* StartButton.swift */ = {isa = PBXFileReference; lastKnownFileType = sourcecode.swift; path = StartButton.swift; sourceTree = "<group>"; };
		1250AE6F2D736B0600AC9D25 /* Ergebnisse.swift */ = {isa = PBXFileReference; lastKnownFileType = sourcecode.swift; path = Ergebnisse.swift; sourceTree = "<group>"; };
		1250AE712D736B0600AC9D25 /* InfoView.swift */ = {isa = PBXFileReference; lastKnownFileType = sourcecode.swift; path = InfoView.swift; sourceTree = "<group>"; };
		1250AE722D736B0600AC9D25 /* SettIngsView.swift */ = {isa = PBXFileReference; lastKnownFileType = sourcecode.swift; path = SettIngsView.swift; sourceTree = "<group>"; };
		1250AE732D736B0600AC9D25 /* WebView.swift */ = {isa = PBXFileReference; lastKnownFileType = sourcecode.swift; path = WebView.swift; sourceTree = "<group>"; };
		1277E2192D7910260069F6DA /* gpl-3.0-standalone.html */ = {isa = PBXFileReference; lastKnownFileType = text.html; path = "gpl-3.0-standalone.html"; sourceTree = "<group>"; };
		1277E21A2D7910260069F6DA /* gpl-3.0.de.html */ = {isa = PBXFileReference; lastKnownFileType = text.html; path = "gpl-3.0.de.html"; sourceTree = "<group>"; };
		12C373132D72546B00D40408 /* ShortDateFormatter.swift */ = {isa = PBXFileReference; lastKnownFileType = sourcecode.swift; path = ShortDateFormatter.swift; sourceTree = "<group>"; };
		12C3732C2D727FB200D40408 /* HelpText.html */ = {isa = PBXFileReference; lastKnownFileType = text.html; path = HelpText.html; sourceTree = "<group>"; };
		12D488042C03E71600620E0E /* JwaBolus.app */ = {isa = PBXFileReference; explicitFileType = wrapper.application; includeInIndex = 0; path = JwaBolus.app; sourceTree = BUILT_PRODUCTS_DIR; };
		12D488072C03E71600620E0E /* JwaBolusApp.swift */ = {isa = PBXFileReference; lastKnownFileType = sourcecode.swift; path = JwaBolusApp.swift; sourceTree = "<group>"; };
		12D4880B2C03E71700620E0E /* Assets.xcassets */ = {isa = PBXFileReference; lastKnownFileType = folder.assetcatalog; path = Assets.xcassets; sourceTree = "<group>"; };
		12D4880E2C03E71700620E0E /* Preview Assets.xcassets */ = {isa = PBXFileReference; lastKnownFileType = folder.assetcatalog; path = "Preview Assets.xcassets"; sourceTree = "<group>"; };
		12D488142C03E71700620E0E /* JwaBolusTests.xctest */ = {isa = PBXFileReference; explicitFileType = wrapper.cfbundle; includeInIndex = 0; path = JwaBolusTests.xctest; sourceTree = BUILT_PRODUCTS_DIR; };
		12D4881E2C03E71700620E0E /* JwaBolusUITests.xctest */ = {isa = PBXFileReference; explicitFileType = wrapper.cfbundle; includeInIndex = 0; path = JwaBolusUITests.xctest; sourceTree = BUILT_PRODUCTS_DIR; };
		12E503EC2D77B83E00DBCA5B /* FontStyleHelper.swift */ = {isa = PBXFileReference; lastKnownFileType = sourcecode.swift; path = FontStyleHelper.swift; sourceTree = "<group>"; };
		12E503EE2D77C1E300DBCA5B /* ResultButton.swift */ = {isa = PBXFileReference; lastKnownFileType = sourcecode.swift; path = ResultButton.swift; sourceTree = "<group>"; };
/* End PBXFileReference section */

/* Begin PBXFrameworksBuildPhase section */
		12D488012C03E71600620E0E /* Frameworks */ = {
			isa = PBXFrameworksBuildPhase;
			buildActionMask = 2147483647;
			files = (
			);
			runOnlyForDeploymentPostprocessing = 0;
		};
		12D488112C03E71700620E0E /* Frameworks */ = {
			isa = PBXFrameworksBuildPhase;
			buildActionMask = 2147483647;
			files = (
			);
			runOnlyForDeploymentPostprocessing = 0;
		};
		12D4881B2C03E71700620E0E /* Frameworks */ = {
			isa = PBXFrameworksBuildPhase;
			buildActionMask = 2147483647;
			files = (
			);
			runOnlyForDeploymentPostprocessing = 0;
		};
/* End PBXFrameworksBuildPhase section */

/* Begin PBXGroup section */
		1250AE702D736B0600AC9D25 /* ContentView */ = {
			isa = PBXGroup;
			children = (
				1250AE6A2D736B0600AC9D25 /* ContentView.swift */,
				1250AE6B2D736B0600AC9D25 /* InputFields.swift */,
				1250AE6E2D736B0600AC9D25 /* StartButton.swift */,
				1250AE6F2D736B0600AC9D25 /* Ergebnisse.swift */,
				1250AE6D2D736B0600AC9D25 /* RestInsulin.swift */,
				12E503EE2D77C1E300DBCA5B /* ResultButton.swift */,
				121228D92D762C2100907135 /* ShowAppVersion.swift */,
			);
			path = ContentView;
			sourceTree = "<group>";
		};
		1250AE742D736B0600AC9D25 /* Views */ = {
			isa = PBXGroup;
			children = (
				1250AE702D736B0600AC9D25 /* ContentView */,
				1250AE7E2D736B6000AC9D25 /* InfoView */,
				1250AE7F2D736CF700AC9D25 /* SettingsView */,
			);
			path = Views;
			sourceTree = "<group>";
		};
		1250AE7E2D736B6000AC9D25 /* InfoView */ = {
			isa = PBXGroup;
			children = (
				1250AE712D736B0600AC9D25 /* InfoView.swift */,
				1250AE732D736B0600AC9D25 /* WebView.swift */,
			);
			path = InfoView;
			sourceTree = "<group>";
		};
		1250AE7F2D736CF700AC9D25 /* SettingsView */ = {
			isa = PBXGroup;
			children = (
				1250AE722D736B0600AC9D25 /* SettIngsView.swift */,
			);
			path = SettingsView;
			sourceTree = "<group>";
		};
		12C373162D72583F00D40408 /* Helper */ = {
			isa = PBXGroup;
			children = (
				120CBFA72D836BEB00388B78 /* SportIntensity.swift */,
				124792B32D6B9C4F003B4F13 /* SettingsStorage.swift */,
				122428742D7236CB00CDFC96 /* PressableButtonStyle.swift */,
				12C373132D72546B00D40408 /* ShortDateFormatter.swift */,
				124792B12D6B9B65003B4F13 /* TimePeriod.swift */,
				12E503EC2D77B83E00DBCA5B /* FontStyleHelper.swift */,
			);
			path = Helper;
			sourceTree = "<group>";
		};
		12C373172D72585100D40408 /* Models */ = {
			isa = PBXGroup;
			children = (
				120BE5D82D5FE5D400CFCF4F /* BolusViewModel.swift */,
			);
			path = Models;
			sourceTree = "<group>";
		};
		12D320EF2D75077A00489FCC /* Resources */ = {
			isa = PBXGroup;
			children = (
				12C3732C2D727FB200D40408 /* HelpText.html */,
				1277E21A2D7910260069F6DA /* gpl-3.0.de.html */,
				1277E2192D7910260069F6DA /* gpl-3.0-standalone.html */,
			);
			path = Resources;
			sourceTree = "<group>";
		};
		12D487FB2C03E71600620E0E = {
			isa = PBXGroup;
			children = (
				12D320EF2D75077A00489FCC /* Resources */,
				12D488062C03E71600620E0E /* JwaBolus */,
				12D488172C03E71700620E0E /* JwaBolusTests */,
				12D488052C03E71600620E0E /* Products */,
			);
			sourceTree = "<group>";
		};
		12D488052C03E71600620E0E /* Products */ = {
			isa = PBXGroup;
			children = (
				12D488042C03E71600620E0E /* JwaBolus.app */,
				12D488142C03E71700620E0E /* JwaBolusTests.xctest */,
				12D4881E2C03E71700620E0E /* JwaBolusUITests.xctest */,
			);
			name = Products;
			sourceTree = "<group>";
		};
		12D488062C03E71600620E0E /* JwaBolus */ = {
			isa = PBXGroup;
			children = (
				12C373172D72585100D40408 /* Models */,
				1250AE742D736B0600AC9D25 /* Views */,
				12C373162D72583F00D40408 /* Helper */,
				12D488072C03E71600620E0E /* JwaBolusApp.swift */,
				12D4880B2C03E71700620E0E /* Assets.xcassets */,
				12D4880D2C03E71700620E0E /* Preview Content */,
			);
			path = JwaBolus;
			sourceTree = "<group>";
		};
		12D4880D2C03E71700620E0E /* Preview Content */ = {
			isa = PBXGroup;
			children = (
				12D4880E2C03E71700620E0E /* Preview Assets.xcassets */,
			);
			path = "Preview Content";
			sourceTree = "<group>";
		};
		12D488172C03E71700620E0E /* JwaBolusTests */ = {
			isa = PBXGroup;
			children = (
				120BE5DA2D5FE9C700CFCF4F /* BolusViewModelTests.swift */,
			);
			path = JwaBolusTests;
			sourceTree = "<group>";
		};
/* End PBXGroup section */

/* Begin PBXNativeTarget section */
		12D488032C03E71600620E0E /* JwaBolus */ = {
			isa = PBXNativeTarget;
			buildConfigurationList = 12D488282C03E71700620E0E /* Build configuration list for PBXNativeTarget "JwaBolus" */;
			buildPhases = (
				12D488002C03E71600620E0E /* Sources */,
				12D488012C03E71600620E0E /* Frameworks */,
				12D488022C03E71600620E0E /* Resources */,
			);
			buildRules = (
			);
			dependencies = (
				120BB2C02D7CC3CA00DEB061 /* PBXTargetDependency */,
			);
			name = JwaBolus;
			productName = JwaBolus;
			productReference = 12D488042C03E71600620E0E /* JwaBolus.app */;
			productType = "com.apple.product-type.application";
		};
		12D488132C03E71700620E0E /* JwaBolusTests */ = {
			isa = PBXNativeTarget;
			buildConfigurationList = 12D4882B2C03E71700620E0E /* Build configuration list for PBXNativeTarget "JwaBolusTests" */;
			buildPhases = (
				12D488102C03E71700620E0E /* Sources */,
				12D488112C03E71700620E0E /* Frameworks */,
				12D488122C03E71700620E0E /* Resources */,
			);
			buildRules = (
			);
			dependencies = (
				12D488162C03E71700620E0E /* PBXTargetDependency */,
			);
			name = JwaBolusTests;
			productName = JwaBolusTests;
			productReference = 12D488142C03E71700620E0E /* JwaBolusTests.xctest */;
			productType = "com.apple.product-type.bundle.unit-test";
		};
		12D4881D2C03E71700620E0E /* JwaBolusUITests */ = {
			isa = PBXNativeTarget;
			buildConfigurationList = 12D4882E2C03E71700620E0E /* Build configuration list for PBXNativeTarget "JwaBolusUITests" */;
			buildPhases = (
				12D4881A2C03E71700620E0E /* Sources */,
				12D4881B2C03E71700620E0E /* Frameworks */,
				12D4881C2C03E71700620E0E /* Resources */,
			);
			buildRules = (
			);
			dependencies = (
				12D488202C03E71700620E0E /* PBXTargetDependency */,
			);
			name = JwaBolusUITests;
			productName = JwaBolusUITests;
			productReference = 12D4881E2C03E71700620E0E /* JwaBolusUITests.xctest */;
			productType = "com.apple.product-type.bundle.ui-testing";
		};
/* End PBXNativeTarget section */

/* Begin PBXProject section */
		12D487FC2C03E71600620E0E /* Project object */ = {
			isa = PBXProject;
			attributes = {
				BuildIndependentTargetsInParallel = 1;
				LastSwiftUpdateCheck = 1540;
				LastUpgradeCheck = 1620;
				TargetAttributes = {
					12D488032C03E71600620E0E = {
						CreatedOnToolsVersion = 15.4;
					};
					12D488132C03E71700620E0E = {
						CreatedOnToolsVersion = 15.4;
						TestTargetID = 12D488032C03E71600620E0E;
					};
					12D4881D2C03E71700620E0E = {
						CreatedOnToolsVersion = 15.4;
						TestTargetID = 12D488032C03E71600620E0E;
					};
				};
			};
			buildConfigurationList = 12D487FF2C03E71600620E0E /* Build configuration list for PBXProject "JwaBolus" */;
			compatibilityVersion = "Xcode 14.0";
			developmentRegion = de;
			hasScannedForEncodings = 0;
			knownRegions = (
				en,
				Base,
				de,
			);
			mainGroup = 12D487FB2C03E71600620E0E;
			packageReferences = (
				120BB2BE2D7CBF2500DEB061 /* XCLocalSwiftPackageReference "SwiftLintPlugins" */,
			);
			productRefGroup = 12D488052C03E71600620E0E /* Products */;
			projectDirPath = "";
			projectRoot = "";
			targets = (
				12D488032C03E71600620E0E /* JwaBolus */,
				12D488132C03E71700620E0E /* JwaBolusTests */,
				12D4881D2C03E71700620E0E /* JwaBolusUITests */,
			);
		};
/* End PBXProject section */

/* Begin PBXResourcesBuildPhase section */
		12D488022C03E71600620E0E /* Resources */ = {
			isa = PBXResourcesBuildPhase;
			buildActionMask = 2147483647;
			files = (
				12D4880F2C03E71700620E0E /* Preview Assets.xcassets in Resources */,
				12D4880C2C03E71700620E0E /* Assets.xcassets in Resources */,
				12C3732D2D727FB200D40408 /* HelpText.html in Resources */,
				1277E21B2D7910270069F6DA /* gpl-3.0-standalone.html in Resources */,
				1277E21C2D7910270069F6DA /* gpl-3.0.de.html in Resources */,
			);
			runOnlyForDeploymentPostprocessing = 0;
		};
		12D488122C03E71700620E0E /* Resources */ = {
			isa = PBXResourcesBuildPhase;
			buildActionMask = 2147483647;
			files = (
			);
			runOnlyForDeploymentPostprocessing = 0;
		};
		12D4881C2C03E71700620E0E /* Resources */ = {
			isa = PBXResourcesBuildPhase;
			buildActionMask = 2147483647;
			files = (
			);
			runOnlyForDeploymentPostprocessing = 0;
		};
/* End PBXResourcesBuildPhase section */

/* Begin PBXSourcesBuildPhase section */
		12D488002C03E71600620E0E /* Sources */ = {
			isa = PBXSourcesBuildPhase;
			buildActionMask = 2147483647;
			files = (
				1250AE752D736B0600AC9D25 /* ContentView.swift in Sources */,
				121228DA2D762C2100907135 /* ShowAppVersion.swift in Sources */,
				1250AE762D736B0600AC9D25 /* InputFields.swift in Sources */,
				1250AE782D736B0600AC9D25 /* RestInsulin.swift in Sources */,
				1250AE792D736B0600AC9D25 /* StartButton.swift in Sources */,
				1250AE7A2D736B0600AC9D25 /* Ergebnisse.swift in Sources */,
				120CBFA82D836BEB00388B78 /* SportIntensity.swift in Sources */,
				1250AE7B2D736B0600AC9D25 /* InfoView.swift in Sources */,
				1250AE7C2D736B0600AC9D25 /* SettIngsView.swift in Sources */,
				12E503ED2D77B83E00DBCA5B /* FontStyleHelper.swift in Sources */,
				1250AE7D2D736B0600AC9D25 /* WebView.swift in Sources */,
				122428752D7236CB00CDFC96 /* PressableButtonStyle.swift in Sources */,
				120BE5D92D5FE84600CFCF4F /* BolusViewModel.swift in Sources */,
				124792B22D6B9B7A003B4F13 /* TimePeriod.swift in Sources */,
				124792B42D6B9C56003B4F13 /* SettingsStorage.swift in Sources */,
				12C373142D72546B00D40408 /* ShortDateFormatter.swift in Sources */,
				12D488082C03E71600620E0E /* JwaBolusApp.swift in Sources */,
				12E503EF2D77C1E300DBCA5B /* ResultButton.swift in Sources */,
			);
			runOnlyForDeploymentPostprocessing = 0;
		};
		12D488102C03E71700620E0E /* Sources */ = {
			isa = PBXSourcesBuildPhase;
			buildActionMask = 2147483647;
			files = (
				120BE5DB2D5FE9D900CFCF4F /* BolusViewModelTests.swift in Sources */,
			);
			runOnlyForDeploymentPostprocessing = 0;
		};
		12D4881A2C03E71700620E0E /* Sources */ = {
			isa = PBXSourcesBuildPhase;
			buildActionMask = 2147483647;
			files = (
			);
			runOnlyForDeploymentPostprocessing = 0;
		};
/* End PBXSourcesBuildPhase section */

/* Begin PBXTargetDependency section */
		120BB2C02D7CC3CA00DEB061 /* PBXTargetDependency */ = {
			isa = PBXTargetDependency;
			productRef = 120BB2BF2D7CC3CA00DEB061 /* SwiftLintBuildToolPlugin */;
		};
		12D488162C03E71700620E0E /* PBXTargetDependency */ = {
			isa = PBXTargetDependency;
			target = 12D488032C03E71600620E0E /* JwaBolus */;
			targetProxy = 12D488152C03E71700620E0E /* PBXContainerItemProxy */;
		};
		12D488202C03E71700620E0E /* PBXTargetDependency */ = {
			isa = PBXTargetDependency;
			target = 12D488032C03E71600620E0E /* JwaBolus */;
			targetProxy = 12D4881F2C03E71700620E0E /* PBXContainerItemProxy */;
		};
/* End PBXTargetDependency section */

/* Begin XCBuildConfiguration section */
		12D488262C03E71700620E0E /* Debug */ = {
			isa = XCBuildConfiguration;
			buildSettings = {
				ALWAYS_SEARCH_USER_PATHS = NO;
				ASSETCATALOG_COMPILER_GENERATE_SWIFT_ASSET_SYMBOL_EXTENSIONS = YES;
				CLANG_ANALYZER_NONNULL = YES;
				CLANG_ANALYZER_NUMBER_OBJECT_CONVERSION = YES_AGGRESSIVE;
				CLANG_CXX_LANGUAGE_STANDARD = "gnu++20";
				CLANG_ENABLE_MODULES = YES;
				CLANG_ENABLE_OBJC_ARC = YES;
				CLANG_ENABLE_OBJC_WEAK = YES;
				CLANG_WARN_BLOCK_CAPTURE_AUTORELEASING = YES;
				CLANG_WARN_BOOL_CONVERSION = YES;
				CLANG_WARN_COMMA = YES;
				CLANG_WARN_CONSTANT_CONVERSION = YES;
				CLANG_WARN_DEPRECATED_OBJC_IMPLEMENTATIONS = YES;
				CLANG_WARN_DIRECT_OBJC_ISA_USAGE = YES_ERROR;
				CLANG_WARN_DOCUMENTATION_COMMENTS = YES;
				CLANG_WARN_EMPTY_BODY = YES;
				CLANG_WARN_ENUM_CONVERSION = YES;
				CLANG_WARN_INFINITE_RECURSION = YES;
				CLANG_WARN_INT_CONVERSION = YES;
				CLANG_WARN_NON_LITERAL_NULL_CONVERSION = YES;
				CLANG_WARN_OBJC_IMPLICIT_RETAIN_SELF = YES;
				CLANG_WARN_OBJC_LITERAL_CONVERSION = YES;
				CLANG_WARN_OBJC_ROOT_CLASS = YES_ERROR;
				CLANG_WARN_QUOTED_INCLUDE_IN_FRAMEWORK_HEADER = YES;
				CLANG_WARN_RANGE_LOOP_ANALYSIS = YES;
				CLANG_WARN_STRICT_PROTOTYPES = YES;
				CLANG_WARN_SUSPICIOUS_MOVE = YES;
				CLANG_WARN_UNGUARDED_AVAILABILITY = YES_AGGRESSIVE;
				CLANG_WARN_UNREACHABLE_CODE = YES;
				CLANG_WARN__DUPLICATE_METHOD_MATCH = YES;
				COPY_PHASE_STRIP = NO;
				DEBUG_INFORMATION_FORMAT = dwarf;
				ENABLE_STRICT_OBJC_MSGSEND = YES;
				ENABLE_TESTABILITY = YES;
				ENABLE_USER_SCRIPT_SANDBOXING = YES;
				GCC_C_LANGUAGE_STANDARD = gnu17;
				GCC_DYNAMIC_NO_PIC = NO;
				GCC_NO_COMMON_BLOCKS = YES;
				GCC_OPTIMIZATION_LEVEL = 0;
				GCC_PREPROCESSOR_DEFINITIONS = (
					"DEBUG=1",
					"$(inherited)",
				);
				GCC_WARN_64_TO_32_BIT_CONVERSION = YES;
				GCC_WARN_ABOUT_RETURN_TYPE = YES_ERROR;
				GCC_WARN_UNDECLARED_SELECTOR = YES;
				GCC_WARN_UNINITIALIZED_AUTOS = YES_AGGRESSIVE;
				GCC_WARN_UNUSED_FUNCTION = YES;
				GCC_WARN_UNUSED_VARIABLE = YES;
				IPHONEOS_DEPLOYMENT_TARGET = 17.6;
				LOCALIZATION_PREFERS_STRING_CATALOGS = YES;
				MTL_ENABLE_DEBUG_INFO = INCLUDE_SOURCE;
				MTL_FAST_MATH = YES;
				ONLY_ACTIVE_ARCH = YES;
				SDKROOT = iphoneos;
				SWIFT_ACTIVE_COMPILATION_CONDITIONS = "DEBUG $(inherited)";
				SWIFT_OPTIMIZATION_LEVEL = "-Onone";
			};
			name = Debug;
		};
		12D488272C03E71700620E0E /* Release */ = {
			isa = XCBuildConfiguration;
			buildSettings = {
				ALWAYS_SEARCH_USER_PATHS = NO;
				ASSETCATALOG_COMPILER_GENERATE_SWIFT_ASSET_SYMBOL_EXTENSIONS = YES;
				CLANG_ANALYZER_NONNULL = YES;
				CLANG_ANALYZER_NUMBER_OBJECT_CONVERSION = YES_AGGRESSIVE;
				CLANG_CXX_LANGUAGE_STANDARD = "gnu++20";
				CLANG_ENABLE_MODULES = YES;
				CLANG_ENABLE_OBJC_ARC = YES;
				CLANG_ENABLE_OBJC_WEAK = YES;
				CLANG_WARN_BLOCK_CAPTURE_AUTORELEASING = YES;
				CLANG_WARN_BOOL_CONVERSION = YES;
				CLANG_WARN_COMMA = YES;
				CLANG_WARN_CONSTANT_CONVERSION = YES;
				CLANG_WARN_DEPRECATED_OBJC_IMPLEMENTATIONS = YES;
				CLANG_WARN_DIRECT_OBJC_ISA_USAGE = YES_ERROR;
				CLANG_WARN_DOCUMENTATION_COMMENTS = YES;
				CLANG_WARN_EMPTY_BODY = YES;
				CLANG_WARN_ENUM_CONVERSION = YES;
				CLANG_WARN_INFINITE_RECURSION = YES;
				CLANG_WARN_INT_CONVERSION = YES;
				CLANG_WARN_NON_LITERAL_NULL_CONVERSION = YES;
				CLANG_WARN_OBJC_IMPLICIT_RETAIN_SELF = YES;
				CLANG_WARN_OBJC_LITERAL_CONVERSION = YES;
				CLANG_WARN_OBJC_ROOT_CLASS = YES_ERROR;
				CLANG_WARN_QUOTED_INCLUDE_IN_FRAMEWORK_HEADER = YES;
				CLANG_WARN_RANGE_LOOP_ANALYSIS = YES;
				CLANG_WARN_STRICT_PROTOTYPES = YES;
				CLANG_WARN_SUSPICIOUS_MOVE = YES;
				CLANG_WARN_UNGUARDED_AVAILABILITY = YES_AGGRESSIVE;
				CLANG_WARN_UNREACHABLE_CODE = YES;
				CLANG_WARN__DUPLICATE_METHOD_MATCH = YES;
				COPY_PHASE_STRIP = NO;
				DEBUG_INFORMATION_FORMAT = "dwarf-with-dsym";
				ENABLE_NS_ASSERTIONS = NO;
				ENABLE_STRICT_OBJC_MSGSEND = YES;
				ENABLE_USER_SCRIPT_SANDBOXING = YES;
				GCC_C_LANGUAGE_STANDARD = gnu17;
				GCC_NO_COMMON_BLOCKS = YES;
				GCC_WARN_64_TO_32_BIT_CONVERSION = YES;
				GCC_WARN_ABOUT_RETURN_TYPE = YES_ERROR;
				GCC_WARN_UNDECLARED_SELECTOR = YES;
				GCC_WARN_UNINITIALIZED_AUTOS = YES_AGGRESSIVE;
				GCC_WARN_UNUSED_FUNCTION = YES;
				GCC_WARN_UNUSED_VARIABLE = YES;
				IPHONEOS_DEPLOYMENT_TARGET = 17.6;
				LOCALIZATION_PREFERS_STRING_CATALOGS = YES;
				MTL_ENABLE_DEBUG_INFO = NO;
				MTL_FAST_MATH = YES;
				SDKROOT = iphoneos;
				SWIFT_COMPILATION_MODE = wholemodule;
				VALIDATE_PRODUCT = YES;
			};
			name = Release;
		};
		12D488292C03E71700620E0E /* Debug */ = {
			isa = XCBuildConfiguration;
			buildSettings = {
				ASSETCATALOG_COMPILER_APPICON_NAME = AppIcon;
				ASSETCATALOG_COMPILER_GLOBAL_ACCENT_COLOR_NAME = AccentColor;
				CODE_SIGN_STYLE = Automatic;
				CURRENT_PROJECT_VERSION = 1;
				DEVELOPMENT_ASSET_PATHS = "\"JwaBolus/Preview Content\"";
				DEVELOPMENT_TEAM = 3SK8VSTF3Q;
				ENABLE_PREVIEWS = YES;
				GENERATE_INFOPLIST_FILE = YES;
				INFOPLIST_KEY_CFBundleDisplayName = JwaBolus;
				INFOPLIST_KEY_LSApplicationCategoryType = "public.app-category.education";
				INFOPLIST_KEY_UIApplicationSceneManifest_Generation = YES;
				INFOPLIST_KEY_UIApplicationSupportsIndirectInputEvents = YES;
				INFOPLIST_KEY_UILaunchScreen_Generation = YES;
				INFOPLIST_KEY_UISupportedInterfaceOrientations_iPad = "UIInterfaceOrientationPortrait UIInterfaceOrientationPortraitUpsideDown UIInterfaceOrientationLandscapeLeft UIInterfaceOrientationLandscapeRight";
				INFOPLIST_KEY_UISupportedInterfaceOrientations_iPhone = "UIInterfaceOrientationPortrait UIInterfaceOrientationLandscapeLeft UIInterfaceOrientationLandscapeRight";
				IPHONEOS_DEPLOYMENT_TARGET = 17.6;
				LD_RUNPATH_SEARCH_PATHS = (
					"$(inherited)",
					"@executable_path/Frameworks",
				);
				MARKETING_VERSION = 1.2.0;
				PRODUCT_BUNDLE_IDENTIFIER = de.jalthoff.JwaBolus;
				PRODUCT_NAME = "$(TARGET_NAME)";
				SWIFT_EMIT_LOC_STRINGS = YES;
				SWIFT_VERSION = 5.0;
				TARGETED_DEVICE_FAMILY = "1,2";
			};
			name = Debug;
		};
		12D4882A2C03E71700620E0E /* Release */ = {
			isa = XCBuildConfiguration;
			buildSettings = {
				ASSETCATALOG_COMPILER_APPICON_NAME = AppIcon;
				ASSETCATALOG_COMPILER_GLOBAL_ACCENT_COLOR_NAME = AccentColor;
				CODE_SIGN_STYLE = Automatic;
				CURRENT_PROJECT_VERSION = 1;
				DEVELOPMENT_ASSET_PATHS = "\"JwaBolus/Preview Content\"";
				DEVELOPMENT_TEAM = 3SK8VSTF3Q;
				ENABLE_PREVIEWS = YES;
				GENERATE_INFOPLIST_FILE = YES;
				INFOPLIST_KEY_CFBundleDisplayName = JwaBolus;
				INFOPLIST_KEY_LSApplicationCategoryType = "public.app-category.education";
				INFOPLIST_KEY_UIApplicationSceneManifest_Generation = YES;
				INFOPLIST_KEY_UIApplicationSupportsIndirectInputEvents = YES;
				INFOPLIST_KEY_UILaunchScreen_Generation = YES;
				INFOPLIST_KEY_UISupportedInterfaceOrientations_iPad = "UIInterfaceOrientationPortrait UIInterfaceOrientationPortraitUpsideDown UIInterfaceOrientationLandscapeLeft UIInterfaceOrientationLandscapeRight";
				INFOPLIST_KEY_UISupportedInterfaceOrientations_iPhone = "UIInterfaceOrientationPortrait UIInterfaceOrientationLandscapeLeft UIInterfaceOrientationLandscapeRight";
				IPHONEOS_DEPLOYMENT_TARGET = 17.6;
				LD_RUNPATH_SEARCH_PATHS = (
					"$(inherited)",
					"@executable_path/Frameworks",
				);
				MARKETING_VERSION = 1.2.0;
				PRODUCT_BUNDLE_IDENTIFIER = de.jalthoff.JwaBolus;
				PRODUCT_NAME = "$(TARGET_NAME)";
				SWIFT_EMIT_LOC_STRINGS = YES;
				SWIFT_VERSION = 5.0;
				TARGETED_DEVICE_FAMILY = "1,2";
			};
			name = Release;
		};
		12D4882C2C03E71700620E0E /* Debug */ = {
			isa = XCBuildConfiguration;
			buildSettings = {
				BUNDLE_LOADER = "$(TEST_HOST)";
				CODE_SIGN_STYLE = Automatic;
				CURRENT_PROJECT_VERSION = 1;
				DEVELOPMENT_TEAM = 3SK8VSTF3Q;
				GENERATE_INFOPLIST_FILE = YES;
				IPHONEOS_DEPLOYMENT_TARGET = 18.0;
				MARKETING_VERSION = 1.0;
				PRODUCT_BUNDLE_IDENTIFIER = de.jalthoff.JwaBolusTests;
				PRODUCT_NAME = "$(TARGET_NAME)";
				SWIFT_EMIT_LOC_STRINGS = NO;
				SWIFT_VERSION = 5.0;
				TARGETED_DEVICE_FAMILY = "1,2";
				TEST_HOST = "$(BUILT_PRODUCTS_DIR)/JwaBolus.app/$(BUNDLE_EXECUTABLE_FOLDER_PATH)/JwaBolus";
			};
			name = Debug;
		};
		12D4882D2C03E71700620E0E /* Release */ = {
			isa = XCBuildConfiguration;
			buildSettings = {
				BUNDLE_LOADER = "$(TEST_HOST)";
				CODE_SIGN_STYLE = Automatic;
				CURRENT_PROJECT_VERSION = 1;
				DEVELOPMENT_TEAM = 3SK8VSTF3Q;
				GENERATE_INFOPLIST_FILE = YES;
				IPHONEOS_DEPLOYMENT_TARGET = 18.0;
				MARKETING_VERSION = 1.0;
				PRODUCT_BUNDLE_IDENTIFIER = de.jalthoff.JwaBolusTests;
				PRODUCT_NAME = "$(TARGET_NAME)";
				SWIFT_EMIT_LOC_STRINGS = NO;
				SWIFT_VERSION = 5.0;
				TARGETED_DEVICE_FAMILY = "1,2";
				TEST_HOST = "$(BUILT_PRODUCTS_DIR)/JwaBolus.app/$(BUNDLE_EXECUTABLE_FOLDER_PATH)/JwaBolus";
			};
			name = Release;
		};
		12D4882F2C03E71700620E0E /* Debug */ = {
			isa = XCBuildConfiguration;
			buildSettings = {
				CODE_SIGN_STYLE = Automatic;
				CURRENT_PROJECT_VERSION = 1;
				DEVELOPMENT_TEAM = 3SK8VSTF3Q;
				GENERATE_INFOPLIST_FILE = YES;
				IPHONEOS_DEPLOYMENT_TARGET = 17.6;
				MARKETING_VERSION = 1.0;
				PRODUCT_BUNDLE_IDENTIFIER = de.jalthoff.JwaBolusUITests;
				PRODUCT_NAME = "$(TARGET_NAME)";
				SWIFT_EMIT_LOC_STRINGS = NO;
				SWIFT_VERSION = 5.0;
				TARGETED_DEVICE_FAMILY = "1,2";
				TEST_TARGET_NAME = JwaBolus;
			};
			name = Debug;
		};
		12D488302C03E71700620E0E /* Release */ = {
			isa = XCBuildConfiguration;
			buildSettings = {
				CODE_SIGN_STYLE = Automatic;
				CURRENT_PROJECT_VERSION = 1;
				DEVELOPMENT_TEAM = 3SK8VSTF3Q;
				GENERATE_INFOPLIST_FILE = YES;
				IPHONEOS_DEPLOYMENT_TARGET = 17.6;
				MARKETING_VERSION = 1.0;
				PRODUCT_BUNDLE_IDENTIFIER = de.jalthoff.JwaBolusUITests;
				PRODUCT_NAME = "$(TARGET_NAME)";
				SWIFT_EMIT_LOC_STRINGS = NO;
				SWIFT_VERSION = 5.0;
				TARGETED_DEVICE_FAMILY = "1,2";
				TEST_TARGET_NAME = JwaBolus;
			};
			name = Release;
		};
/* End XCBuildConfiguration section */

/* Begin XCConfigurationList section */
		12D487FF2C03E71600620E0E /* Build configuration list for PBXProject "JwaBolus" */ = {
			isa = XCConfigurationList;
			buildConfigurations = (
				12D488262C03E71700620E0E /* Debug */,
				12D488272C03E71700620E0E /* Release */,
			);
			defaultConfigurationIsVisible = 0;
			defaultConfigurationName = Release;
		};
		12D488282C03E71700620E0E /* Build configuration list for PBXNativeTarget "JwaBolus" */ = {
			isa = XCConfigurationList;
			buildConfigurations = (
				12D488292C03E71700620E0E /* Debug */,
				12D4882A2C03E71700620E0E /* Release */,
			);
			defaultConfigurationIsVisible = 0;
			defaultConfigurationName = Release;
		};
		12D4882B2C03E71700620E0E /* Build configuration list for PBXNativeTarget "JwaBolusTests" */ = {
			isa = XCConfigurationList;
			buildConfigurations = (
				12D4882C2C03E71700620E0E /* Debug */,
				12D4882D2C03E71700620E0E /* Release */,
			);
			defaultConfigurationIsVisible = 0;
			defaultConfigurationName = Release;
		};
		12D4882E2C03E71700620E0E /* Build configuration list for PBXNativeTarget "JwaBolusUITests" */ = {
			isa = XCConfigurationList;
			buildConfigurations = (
				12D4882F2C03E71700620E0E /* Debug */,
				12D488302C03E71700620E0E /* Release */,
			);
			defaultConfigurationIsVisible = 0;
			defaultConfigurationName = Release;
		};
/* End XCConfigurationList section */

/* Begin XCLocalSwiftPackageReference section */
		120BB2BE2D7CBF2500DEB061 /* XCLocalSwiftPackageReference "SwiftLintPlugins" */ = {
			isa = XCLocalSwiftPackageReference;
			relativePath = SwiftLintPlugins;
		};
/* End XCLocalSwiftPackageReference section */

/* Begin XCSwiftPackageProductDependency section */
		120BB2BF2D7CC3CA00DEB061 /* SwiftLintBuildToolPlugin */ = {
			isa = XCSwiftPackageProductDependency;
			package = 120BB2BE2D7CBF2500DEB061 /* XCLocalSwiftPackageReference "SwiftLintPlugins" */;
			productName = "plugin:SwiftLintBuildToolPlugin";
		};
/* End XCSwiftPackageProductDependency section */
	};
	rootObject = 12D487FC2C03E71600620E0E /* Project object */;
}
