// !$*UTF8*$!
{
	archiveVersion = 1;
	classes = {
	};
	objectVersion = 90;
	objects = {

/* Begin PBXBuildFile section */
		120BE5D92D5FE84600CFCF4F /* BolusViewModel.swift in Sources */ = {isa = PBXBuildFile; fileRef = 120BE5D82D5FE5D400CFCF4F /* BolusViewModel.swift */; };
		120BE5DB2D5FE9D900CFCF4F /* BolusViewModelTests.swift in Sources */ = {isa = PBXBuildFile; fileRef = 120BE5DA2D5FE9C700CFCF4F /* BolusViewModelTests.swift */; };
		120CBFA82D836BEB00388B78 /* SportIntensity.swift in Sources */ = {isa = PBXBuildFile; fileRef = 120CBFA72D836BEB00388B78 /* SportIntensity.swift */; };
		12109B362D94AE3700B0833B /* gpl-3.0.md in Resources */ = {isa = PBXBuildFile; fileRef = 12109B332D94AE3700B0833B /* gpl-3.0.md */; };
		12109B372D94AE3700B0833B /* gpl-3.0.txt in Resources */ = {isa = PBXBuildFile; fileRef = 12109B342D94AE3700B0833B /* gpl-3.0.txt */; };
		12109B3F2D94B83A00B0833B /* MarkdownUI in Frameworks */ = {isa = PBXBuildFile; productRef = 12109B3E2D94B83A00B0833B /* MarkdownUI */; };
		121228DA2D762C2100907135 /* ShowAppVersion.swift in Sources */ = {isa = PBXBuildFile; fileRef = 121228D92D762C2100907135 /* ShowAppVersion.swift */; };
		122428752D7236CB00CDFC96 /* CustomStyles.swift in Sources */ = {isa = PBXBuildFile; fileRef = 122428742D7236CB00CDFC96 /* CustomStyles.swift */; };
		12308B5E2D95B18500F90717 /* MarkdownText.swift in Sources */ = {isa = PBXBuildFile; fileRef = 12308B5D2D95B18500F90717 /* MarkdownText.swift */; };
		1237A3382D91FCE2002A1DC0 /* Localizable.strings in Resources */ = {isa = PBXBuildFile; fileRef = 1237A3372D91FCE2002A1DC0 /* Localizable.strings */; };
		1237A33A2D91FD2F002A1DC0 /* Localizable.strings in Resources */ = {isa = PBXBuildFile; fileRef = 1237A3342D91FCAC002A1DC0 /* Localizable.strings */; };
		124792B22D6B9B7A003B4F13 /* TimePeriod.swift in Sources */ = {isa = PBXBuildFile; fileRef = 124792B12D6B9B65003B4F13 /* TimePeriod.swift */; };
		1247D5302D8D74EB00CE35C3 /* UnitConverter.swift in Sources */ = {isa = PBXBuildFile; fileRef = 1247D52F2D8D74EB00CE35C3 /* UnitConverter.swift */; };
		1250AE752D736B0600AC9D25 /* ContentView.swift in Sources */ = {isa = PBXBuildFile; fileRef = 1250AE6A2D736B0600AC9D25 /* ContentView.swift */; };
		1250AE762D736B0600AC9D25 /* InputFields.swift in Sources */ = {isa = PBXBuildFile; fileRef = 1250AE6B2D736B0600AC9D25 /* InputFields.swift */; };
		1250AE782D736B0600AC9D25 /* RemainingInsulin.swift in Sources */ = {isa = PBXBuildFile; fileRef = 1250AE6D2D736B0600AC9D25 /* RemainingInsulin.swift */; };
		1250AE792D736B0600AC9D25 /* StartButton.swift in Sources */ = {isa = PBXBuildFile; fileRef = 1250AE6E2D736B0600AC9D25 /* StartButton.swift */; };
		1250AE7A2D736B0600AC9D25 /* Results.swift in Sources */ = {isa = PBXBuildFile; fileRef = 1250AE6F2D736B0600AC9D25 /* Results.swift */; };
		1250AE7B2D736B0600AC9D25 /* InfoView.swift in Sources */ = {isa = PBXBuildFile; fileRef = 1250AE712D736B0600AC9D25 /* InfoView.swift */; };
		1250AE7C2D736B0600AC9D25 /* SettIngsView.swift in Sources */ = {isa = PBXBuildFile; fileRef = 1250AE722D736B0600AC9D25 /* SettIngsView.swift */; };
		1251418B2DAC6467009FA7D3 /* View+Keyboard.swift in Sources */ = {isa = PBXBuildFile; fileRef = 125141892DAC62D5009FA7D3 /* View+Keyboard.swift */; };
		126A9A222D84A44500598446 /* BloodGlucoseUnit.swift in Sources */ = {isa = PBXBuildFile; fileRef = 126A9A212D84A44500598446 /* BloodGlucoseUnit.swift */; };
		126A9A242D84A45C00598446 /* CarbUnit.swift in Sources */ = {isa = PBXBuildFile; fileRef = 126A9A232D84A45C00598446 /* CarbUnit.swift */; };
		126A9A262D84D25000598446 /* RemainingInsulinManager.swift in Sources */ = {isa = PBXBuildFile; fileRef = 126A9A252D84D25000598446 /* RemainingInsulinManager.swift */; };
		1277E4622D930F7C00EA2D3C /* SymbolNames.swift in Sources */ = {isa = PBXBuildFile; fileRef = 1277E4612D930F7C00EA2D3C /* SymbolNames.swift */; };
		1277E4642D93305200EA2D3C /* SportIntensityMenu.swift in Sources */ = {isa = PBXBuildFile; fileRef = 1277E4632D93305200EA2D3C /* SportIntensityMenu.swift */; };
		1277E4662D93668300EA2D3C /* ConversionConstants.swift in Sources */ = {isa = PBXBuildFile; fileRef = 1277E4652D93668300EA2D3C /* ConversionConstants.swift */; };
		129F73E62D96D5D60030896D /* Localizable.strings in Resources */ = {isa = PBXBuildFile; fileRef = 129F73E42D96D5D60030896D /* Localizable.strings */; };
		12AF66072D988759006C0CC0 /* Algorithms in Frameworks */ = {isa = PBXBuildFile; productRef = 12AF66062D988759006C0CC0 /* Algorithms */; };
		12B4FAA72D8A0E8C0022D585 /* NumberFormatter+Extension.swift in Sources */ = {isa = PBXBuildFile; fileRef = 12B4FAA52D8A0B460022D585 /* NumberFormatter+Extension.swift */; };
		12B4FAA92D8A1D1E0022D585 /* PeriodSettingsView.swift in Sources */ = {isa = PBXBuildFile; fileRef = 12B4FAA82D8A1D1E0022D585 /* PeriodSettingsView.swift */; };
		12B4FAAB2D8A1E9A0022D585 /* ValidatedNumberField.swift in Sources */ = {isa = PBXBuildFile; fileRef = 12B4FAAA2D8A1E9A0022D585 /* ValidatedNumberField.swift */; };
		12D488082C03E71600620E0E /* JwaBolusApp.swift in Sources */ = {isa = PBXBuildFile; fileRef = 12D488072C03E71600620E0E /* JwaBolusApp.swift */; };
		12D4880C2C03E71700620E0E /* Assets.xcassets in Resources */ = {isa = PBXBuildFile; fileRef = 12D4880B2C03E71700620E0E /* Assets.xcassets */; };
		12D4880F2C03E71700620E0E /* Preview Assets.xcassets in Resources */ = {isa = PBXBuildFile; fileRef = 12D4880E2C03E71700620E0E /* Preview Assets.xcassets */; };
		12E503EF2D77C1E300DBCA5B /* ResultButton.swift in Sources */ = {isa = PBXBuildFile; fileRef = 12E503EE2D77C1E300DBCA5B /* ResultButton.swift */; };
		12E5C1DE2D8F0DB8004C6C65 /* NavigationToolbar.swift in Sources */ = {isa = PBXBuildFile; fileRef = 12E5C1DD2D8F0DB8004C6C65 /* NavigationToolbar.swift */; };
		12E5C1E02D8F4F8E004C6C65 /* InsulinManagementSection.swift in Sources */ = {isa = PBXBuildFile; fileRef = 12E5C1DF2D8F4F8E004C6C65 /* InsulinManagementSection.swift */; };
		12E5C1E22D8F5034004C6C65 /* BloodGlucoseUnitSection.swift in Sources */ = {isa = PBXBuildFile; fileRef = 12E5C1E12D8F5034004C6C65 /* BloodGlucoseUnitSection.swift */; };
		12E5C1E42D8F5251004C6C65 /* CarbUnitSection.swift in Sources */ = {isa = PBXBuildFile; fileRef = 12E5C1E32D8F5251004C6C65 /* CarbUnitSection.swift */; };
		12E5C1E62D8F5439004C6C65 /* ApplyMorningButton.swift in Sources */ = {isa = PBXBuildFile; fileRef = 12E5C1E52D8F5439004C6C65 /* ApplyMorningButton.swift */; };
		12E5C1E92D8F5CFC004C6C65 /* DebouncedText.swift in Sources */ = {isa = PBXBuildFile; fileRef = 12E5C1E82D8F5CFC004C6C65 /* DebouncedText.swift */; };
		12E68B772D9AE2AE0046579A /* Log.swift in Sources */ = {isa = PBXBuildFile; fileRef = 12E68B762D9AE2AE0046579A /* Log.swift */; };
		12E6A52F2D9475AC00629861 /* InitialSetupView.swift in Sources */ = {isa = PBXBuildFile; fileRef = 12E6A52E2D9475AC00629861 /* InitialSetupView.swift */; };
		12E6A5322D94877000629861 /* HelpContentView.swift in Sources */ = {isa = PBXBuildFile; fileRef = 12E6A5312D94877000629861 /* HelpContentView.swift */; };
		12E6A5362D94A0A300629861 /* LicenseView.swift in Sources */ = {isa = PBXBuildFile; fileRef = 12E6A5352D94A0A300629861 /* LicenseView.swift */; };
/* End PBXBuildFile section */

/* Begin PBXContainerItemProxy section */
		12D488152C03E71700620E0E /* PBXContainerItemProxy */ = {
			isa = PBXContainerItemProxy;
			containerPortal = 12D487FC2C03E71600620E0E /* Project object */;
			proxyType = 1;
			remoteGlobalIDString = 12D488032C03E71600620E0E;
			remoteInfo = JwaBolus;
		};
		12D4881F2C03E71700620E0E /* PBXContainerItemProxy */ = {
			isa = PBXContainerItemProxy;
			containerPortal = 12D487FC2C03E71600620E0E /* Project object */;
			proxyType = 1;
			remoteGlobalIDString = 12D488032C03E71600620E0E;
			remoteInfo = JwaBolus;
		};
/* End PBXContainerItemProxy section */

/* Begin PBXFileReference section */
		120BE5D82D5FE5D400CFCF4F /* BolusViewModel.swift */ = {isa = PBXFileReference; lastKnownFileType = sourcecode.swift; path = BolusViewModel.swift; sourceTree = "<group>"; };
		120BE5DA2D5FE9C700CFCF4F /* BolusViewModelTests.swift */ = {isa = PBXFileReference; lastKnownFileType = sourcecode.swift; path = BolusViewModelTests.swift; sourceTree = "<group>"; };
		120CBFA72D836BEB00388B78 /* SportIntensity.swift */ = {isa = PBXFileReference; lastKnownFileType = sourcecode.swift; path = SportIntensity.swift; sourceTree = "<group>"; };
		12109B332D94AE3700B0833B /* gpl-3.0.md */ = {isa = PBXFileReference; lastKnownFileType = net.daringfireball.markdown; path = "gpl-3.0.md"; sourceTree = "<group>"; };
		12109B342D94AE3700B0833B /* gpl-3.0.txt */ = {isa = PBXFileReference; lastKnownFileType = text; path = "gpl-3.0.txt"; sourceTree = "<group>"; };
		121228D92D762C2100907135 /* ShowAppVersion.swift */ = {isa = PBXFileReference; lastKnownFileType = sourcecode.swift; path = ShowAppVersion.swift; sourceTree = "<group>"; };
		122428742D7236CB00CDFC96 /* CustomStyles.swift */ = {isa = PBXFileReference; lastKnownFileType = sourcecode.swift; path = CustomStyles.swift; sourceTree = "<group>"; };
		12308B5D2D95B18500F90717 /* MarkdownText.swift */ = {isa = PBXFileReference; lastKnownFileType = sourcecode.swift; path = MarkdownText.swift; sourceTree = "<group>"; };
		1237A3362D91FCE2002A1DC0 /* Localizable.strings */ = {isa = PBXFileReference; lastKnownFileType = text.plist.strings; path = Localizable.strings; sourceTree = "<group>"; };
		1237A33B2D91FD38002A1DC0 /* en */ = {isa = PBXFileReference; lastKnownFileType = text.plist.strings; name = en; path = Localizable.strings; sourceTree = "<group>"; };
		123971C52D997D37007F9C34 /* README.md */ = {isa = PBXFileReference; lastKnownFileType = net.daringfireball.markdown; path = README.md; sourceTree = "<group>"; };
		124792B12D6B9B65003B4F13 /* TimePeriod.swift */ = {isa = PBXFileReference; lastKnownFileType = sourcecode.swift; path = TimePeriod.swift; sourceTree = "<group>"; };
		1247D52F2D8D74EB00CE35C3 /* UnitConverter.swift */ = {isa = PBXFileReference; lastKnownFileType = sourcecode.swift; path = UnitConverter.swift; sourceTree = "<group>"; };
		1250AE6A2D736B0600AC9D25 /* ContentView.swift */ = {isa = PBXFileReference; lastKnownFileType = sourcecode.swift; path = ContentView.swift; sourceTree = "<group>"; };
		1250AE6B2D736B0600AC9D25 /* InputFields.swift */ = {isa = PBXFileReference; lastKnownFileType = sourcecode.swift; path = InputFields.swift; sourceTree = "<group>"; };
		1250AE6D2D736B0600AC9D25 /* RemainingInsulin.swift */ = {isa = PBXFileReference; lastKnownFileType = sourcecode.swift; path = RemainingInsulin.swift; sourceTree = "<group>"; };
		1250AE6E2D736B0600AC9D25 /* StartButton.swift */ = {isa = PBXFileReference; lastKnownFileType = sourcecode.swift; path = StartButton.swift; sourceTree = "<group>"; };
		1250AE6F2D736B0600AC9D25 /* Results.swift */ = {isa = PBXFileReference; lastKnownFileType = sourcecode.swift; path = Results.swift; sourceTree = "<group>"; };
		1250AE712D736B0600AC9D25 /* InfoView.swift */ = {isa = PBXFileReference; lastKnownFileType = sourcecode.swift; path = InfoView.swift; sourceTree = "<group>"; };
		1250AE722D736B0600AC9D25 /* SettIngsView.swift */ = {isa = PBXFileReference; lastKnownFileType = sourcecode.swift; path = SettIngsView.swift; sourceTree = "<group>"; };
		125141892DAC62D5009FA7D3 /* View+Keyboard.swift */ = {isa = PBXFileReference; lastKnownFileType = sourcecode.swift; path = "View+Keyboard.swift"; sourceTree = "<group>"; };
		126A9A212D84A44500598446 /* BloodGlucoseUnit.swift */ = {isa = PBXFileReference; lastKnownFileType = sourcecode.swift; path = BloodGlucoseUnit.swift; sourceTree = "<group>"; };
		126A9A232D84A45C00598446 /* CarbUnit.swift */ = {isa = PBXFileReference; lastKnownFileType = sourcecode.swift; path = CarbUnit.swift; sourceTree = "<group>"; };
		126A9A252D84D25000598446 /* RemainingInsulinManager.swift */ = {isa = PBXFileReference; lastKnownFileType = sourcecode.swift; path = RemainingInsulinManager.swift; sourceTree = "<group>"; };
		1277E4612D930F7C00EA2D3C /* SymbolNames.swift */ = {isa = PBXFileReference; lastKnownFileType = sourcecode.swift; path = SymbolNames.swift; sourceTree = "<group>"; };
		1277E4632D93305200EA2D3C /* SportIntensityMenu.swift */ = {isa = PBXFileReference; lastKnownFileType = sourcecode.swift; path = SportIntensityMenu.swift; sourceTree = "<group>"; };
		1277E4652D93668300EA2D3C /* ConversionConstants.swift */ = {isa = PBXFileReference; lastKnownFileType = sourcecode.swift; path = ConversionConstants.swift; sourceTree = "<group>"; };
		129F73E52D96D5D60030896D /* uk */ = {isa = PBXFileReference; lastKnownFileType = text.plist.strings; name = uk; path = Localizable.strings; sourceTree = "<group>"; };
		12B4FAA52D8A0B460022D585 /* NumberFormatter+Extension.swift */ = {isa = PBXFileReference; lastKnownFileType = sourcecode.swift; path = "NumberFormatter+Extension.swift"; sourceTree = "<group>"; };
		12B4FAA82D8A1D1E0022D585 /* PeriodSettingsView.swift */ = {isa = PBXFileReference; lastKnownFileType = sourcecode.swift; path = PeriodSettingsView.swift; sourceTree = "<group>"; };
		12B4FAAA2D8A1E9A0022D585 /* ValidatedNumberField.swift */ = {isa = PBXFileReference; lastKnownFileType = sourcecode.swift; path = ValidatedNumberField.swift; sourceTree = "<group>"; };
		12D488042C03E71600620E0E /* JwaBolus.app */ = {isa = PBXFileReference; explicitFileType = wrapper.application; includeInIndex = 0; path = JwaBolus.app; sourceTree = BUILT_PRODUCTS_DIR; };
		12D488072C03E71600620E0E /* JwaBolusApp.swift */ = {isa = PBXFileReference; lastKnownFileType = sourcecode.swift; path = JwaBolusApp.swift; sourceTree = "<group>"; };
		12D4880B2C03E71700620E0E /* Assets.xcassets */ = {isa = PBXFileReference; lastKnownFileType = folder.assetcatalog; path = Assets.xcassets; sourceTree = "<group>"; };
		12D4880E2C03E71700620E0E /* Preview Assets.xcassets */ = {isa = PBXFileReference; lastKnownFileType = folder.assetcatalog; path = "Preview Assets.xcassets"; sourceTree = "<group>"; };
		12D488142C03E71700620E0E /* JwaBolusTests.xctest */ = {isa = PBXFileReference; explicitFileType = wrapper.cfbundle; includeInIndex = 0; path = JwaBolusTests.xctest; sourceTree = BUILT_PRODUCTS_DIR; };
		12D4881E2C03E71700620E0E /* JwaBolusUITests.xctest */ = {isa = PBXFileReference; explicitFileType = wrapper.cfbundle; includeInIndex = 0; path = JwaBolusUITests.xctest; sourceTree = BUILT_PRODUCTS_DIR; };
		12E503EE2D77C1E300DBCA5B /* ResultButton.swift */ = {isa = PBXFileReference; lastKnownFileType = sourcecode.swift; path = ResultButton.swift; sourceTree = "<group>"; };
		12E5C1DD2D8F0DB8004C6C65 /* NavigationToolbar.swift */ = {isa = PBXFileReference; lastKnownFileType = sourcecode.swift; path = NavigationToolbar.swift; sourceTree = "<group>"; };
		12E5C1DF2D8F4F8E004C6C65 /* InsulinManagementSection.swift */ = {isa = PBXFileReference; lastKnownFileType = sourcecode.swift; path = InsulinManagementSection.swift; sourceTree = "<group>"; };
		12E5C1E12D8F5034004C6C65 /* BloodGlucoseUnitSection.swift */ = {isa = PBXFileReference; lastKnownFileType = sourcecode.swift; path = BloodGlucoseUnitSection.swift; sourceTree = "<group>"; };
		12E5C1E32D8F5251004C6C65 /* CarbUnitSection.swift */ = {isa = PBXFileReference; lastKnownFileType = sourcecode.swift; path = CarbUnitSection.swift; sourceTree = "<group>"; };
		12E5C1E52D8F5439004C6C65 /* ApplyMorningButton.swift */ = {isa = PBXFileReference; lastKnownFileType = sourcecode.swift; path = ApplyMorningButton.swift; sourceTree = "<group>"; };
		12E5C1E82D8F5CFC004C6C65 /* DebouncedText.swift */ = {isa = PBXFileReference; lastKnownFileType = sourcecode.swift; path = DebouncedText.swift; sourceTree = "<group>"; };
		12E68B762D9AE2AE0046579A /* Log.swift */ = {isa = PBXFileReference; lastKnownFileType = sourcecode.swift; path = Log.swift; sourceTree = "<group>"; };
		12E6A52E2D9475AC00629861 /* InitialSetupView.swift */ = {isa = PBXFileReference; lastKnownFileType = sourcecode.swift; path = InitialSetupView.swift; sourceTree = "<group>"; };
		12E6A5312D94877000629861 /* HelpContentView.swift */ = {isa = PBXFileReference; lastKnownFileType = sourcecode.swift; path = HelpContentView.swift; sourceTree = "<group>"; };
		12E6A5352D94A0A300629861 /* LicenseView.swift */ = {isa = PBXFileReference; lastKnownFileType = sourcecode.swift; path = LicenseView.swift; sourceTree = "<group>"; };
/* End PBXFileReference section */

/* Begin PBXFrameworksBuildPhase section */
		12D488012C03E71600620E0E /* Frameworks */ = {
			isa = PBXFrameworksBuildPhase;
			files = (
				12AF66072D988759006C0CC0 /* Algorithms in Frameworks */,
				12109B3F2D94B83A00B0833B /* MarkdownUI in Frameworks */,
			);
		};
		12D488112C03E71700620E0E /* Frameworks */ = {
			isa = PBXFrameworksBuildPhase;
			files = (
			);
		};
		12D4881B2C03E71700620E0E /* Frameworks */ = {
			isa = PBXFrameworksBuildPhase;
			files = (
			);
		};
/* End PBXFrameworksBuildPhase section */

/* Begin PBXGroup section */
		12109B352D94AE3700B0833B /* Resources */ = {
			isa = PBXGroup;
			children = (
				12109B332D94AE3700B0833B /* gpl-3.0.md */,
				12109B342D94AE3700B0833B /* gpl-3.0.txt */,
			);
			path = Resources;
			sourceTree = "<group>";
		};
		1237A3322D91FC7A002A1DC0 /* de.lproj */ = {
			isa = PBXGroup;
			children = (
				1237A3372D91FCE2002A1DC0 /* Localizable.strings */,
			);
			path = de.lproj;
			sourceTree = "<group>";
		};
		1237A3332D91FC9C002A1DC0 /* en.lproj */ = {
			isa = PBXGroup;
			children = (
				1237A3342D91FCAC002A1DC0 /* Localizable.strings */,
			);
			path = en.lproj;
			sourceTree = "<group>";
		};
		1250AE702D736B0600AC9D25 /* ContentView */ = {
			isa = PBXGroup;
			children = (
				1250AE6A2D736B0600AC9D25 /* ContentView.swift */,
				12E5C1DD2D8F0DB8004C6C65 /* NavigationToolbar.swift */,
				1250AE6B2D736B0600AC9D25 /* InputFields.swift */,
				1277E4632D93305200EA2D3C /* SportIntensityMenu.swift */,
				1250AE6E2D736B0600AC9D25 /* StartButton.swift */,
				1250AE6F2D736B0600AC9D25 /* Results.swift */,
				1250AE6D2D736B0600AC9D25 /* RemainingInsulin.swift */,
				12E503EE2D77C1E300DBCA5B /* ResultButton.swift */,
				121228D92D762C2100907135 /* ShowAppVersion.swift */,
			);
			path = ContentView;
			sourceTree = "<group>";
		};
		1250AE742D736B0600AC9D25 /* Views */ = {
			isa = PBXGroup;
			children = (
				12E6A5302D94800000629861 /* Onboarding */,
				12E5C1E72D8F5CDB004C6C65 /* Commons */,
				1250AE702D736B0600AC9D25 /* ContentView */,
				1250AE7E2D736B6000AC9D25 /* InfoView */,
				1250AE7F2D736CF700AC9D25 /* SettingsView */,
			);
			path = Views;
			sourceTree = "<group>";
		};
		1250AE7E2D736B6000AC9D25 /* InfoView */ = {
			isa = PBXGroup;
			children = (
				1250AE712D736B0600AC9D25 /* InfoView.swift */,
				12E6A5312D94877000629861 /* HelpContentView.swift */,
				12E6A5352D94A0A300629861 /* LicenseView.swift */,
			);
			path = InfoView;
			sourceTree = "<group>";
		};
		1250AE7F2D736CF700AC9D25 /* SettingsView */ = {
			isa = PBXGroup;
			children = (
				1250AE722D736B0600AC9D25 /* SettIngsView.swift */,
				12E5C1DF2D8F4F8E004C6C65 /* InsulinManagementSection.swift */,
				12E5C1E32D8F5251004C6C65 /* CarbUnitSection.swift */,
				12E5C1E12D8F5034004C6C65 /* BloodGlucoseUnitSection.swift */,
				12E5C1E52D8F5439004C6C65 /* ApplyMorningButton.swift */,
				12B4FAA82D8A1D1E0022D585 /* PeriodSettingsView.swift */,
			);
			path = SettingsView;
			sourceTree = "<group>";
		};
		126A9A272D84DC5600598446 /* Models */ = {
			isa = PBXGroup;
			children = (
				1277E4652D93668300EA2D3C /* ConversionConstants.swift */,
				1247D52F2D8D74EB00CE35C3 /* UnitConverter.swift */,
				126A9A232D84A45C00598446 /* CarbUnit.swift */,
				126A9A212D84A44500598446 /* BloodGlucoseUnit.swift */,
				120CBFA72D836BEB00388B78 /* SportIntensity.swift */,
				124792B12D6B9B65003B4F13 /* TimePeriod.swift */,
			);
			path = Models;
			sourceTree = "<group>";
		};
		129F73E32D96D5B90030896D /* uk.lproj */ = {
			isa = PBXGroup;
			children = (
				129F73E42D96D5D60030896D /* Localizable.strings */,
			);
			path = uk.lproj;
			sourceTree = "<group>";
		};
		12C373162D72583F00D40408 /* Helpers */ = {
			isa = PBXGroup;
			children = (
				12E68B762D9AE2AE0046579A /* Log.swift */,
				12308B5D2D95B18500F90717 /* MarkdownText.swift */,
				122428742D7236CB00CDFC96 /* CustomStyles.swift */,
				126A9A252D84D25000598446 /* RemainingInsulinManager.swift */,
			);
			path = Helpers;
			sourceTree = "<group>";
		};
		12C373172D72585100D40408 /* ViewModels */ = {
			isa = PBXGroup;
			children = (
				120BE5D82D5FE5D400CFCF4F /* BolusViewModel.swift */,
			);
			path = ViewModels;
			sourceTree = "<group>";
		};
		12D487FB2C03E71600620E0E = {
			isa = PBXGroup;
			children = (
				123971C52D997D37007F9C34 /* README.md */,
				12D488062C03E71600620E0E /* JwaBolus */,
				12D488172C03E71700620E0E /* JwaBolusTests */,
				12D488052C03E71600620E0E /* Products */,
			);
			sourceTree = "<group>";
		};
		12D488052C03E71600620E0E /* Products */ = {
			isa = PBXGroup;
			children = (
				12D488042C03E71600620E0E /* JwaBolus.app */,
				12D488142C03E71700620E0E /* JwaBolusTests.xctest */,
				12D4881E2C03E71700620E0E /* JwaBolusUITests.xctest */,
			);
			name = Products;
			sourceTree = "<group>";
		};
		12D488062C03E71600620E0E /* JwaBolus */ = {
			isa = PBXGroup;
			children = (
				12109B352D94AE3700B0833B /* Resources */,
				129F73E32D96D5B90030896D /* uk.lproj */,
				1237A3332D91FC9C002A1DC0 /* en.lproj */,
				1237A3322D91FC7A002A1DC0 /* de.lproj */,
				12C373172D72585100D40408 /* ViewModels */,
				1250AE742D736B0600AC9D25 /* Views */,
				12C373162D72583F00D40408 /* Helpers */,
				126A9A272D84DC5600598446 /* Models */,
				12D488072C03E71600620E0E /* JwaBolusApp.swift */,
				12D4880B2C03E71700620E0E /* Assets.xcassets */,
				12D4880D2C03E71700620E0E /* Preview Content */,
			);
			path = JwaBolus;
			sourceTree = "<group>";
		};
		12D4880D2C03E71700620E0E /* Preview Content */ = {
			isa = PBXGroup;
			children = (
				12D4880E2C03E71700620E0E /* Preview Assets.xcassets */,
			);
			path = "Preview Content";
			sourceTree = "<group>";
		};
		12D488172C03E71700620E0E /* JwaBolusTests */ = {
			isa = PBXGroup;
			children = (
				120BE5DA2D5FE9C700CFCF4F /* BolusViewModelTests.swift */,
			);
			path = JwaBolusTests;
			sourceTree = "<group>";
		};
		12E5C1E72D8F5CDB004C6C65 /* Commons */ = {
			isa = PBXGroup;
			children = (
				125141892DAC62D5009FA7D3 /* View+Keyboard.swift */,
				1277E4612D930F7C00EA2D3C /* SymbolNames.swift */,
				12E5C1E82D8F5CFC004C6C65 /* DebouncedText.swift */,
				12B4FAAA2D8A1E9A0022D585 /* ValidatedNumberField.swift */,
				12B4FAA52D8A0B460022D585 /* NumberFormatter+Extension.swift */,
			);
			path = Commons;
			sourceTree = "<group>";
		};
		12E6A5302D94800000629861 /* Onboarding */ = {
			isa = PBXGroup;
			children = (
				12E6A52E2D9475AC00629861 /* InitialSetupView.swift */,
			);
			path = Onboarding;
			sourceTree = "<group>";
		};
/* End PBXGroup section */

/* Begin PBXNativeTarget section */
		12D488032C03E71600620E0E /* JwaBolus */ = {
			isa = PBXNativeTarget;
			buildConfigurationList = 12D488282C03E71700620E0E /* Build configuration list for PBXNativeTarget "JwaBolus" */;
			buildPhases = (
				12D488002C03E71600620E0E /* Sources */,
				12D488012C03E71600620E0E /* Frameworks */,
				12D488022C03E71600620E0E /* Resources */,
			);
			buildRules = (
			);
			dependencies = (
				12E0D75B2DAB118800ED51A9 /* PBXTargetDependency */,
				12B642402DA86DF200AF346E /* PBXTargetDependency */,
				12B6423E2DA86DEB00AF346E /* PBXTargetDependency */,
			);
			name = JwaBolus;
			productName = JwaBolus;
			productReference = 12D488042C03E71600620E0E /* JwaBolus.app */;
			productType = "com.apple.product-type.application";
		};
		12D488132C03E71700620E0E /* JwaBolusTests */ = {
			isa = PBXNativeTarget;
			buildConfigurationList = 12D4882B2C03E71700620E0E /* Build configuration list for PBXNativeTarget "JwaBolusTests" */;
			buildPhases = (
				12D488102C03E71700620E0E /* Sources */,
				12D488112C03E71700620E0E /* Frameworks */,
				12D488122C03E71700620E0E /* Resources */,
			);
			buildRules = (
			);
			dependencies = (
				12D488162C03E71700620E0E /* PBXTargetDependency */,
			);
			name = JwaBolusTests;
			productName = JwaBolusTests;
			productReference = 12D488142C03E71700620E0E /* JwaBolusTests.xctest */;
			productType = "com.apple.product-type.bundle.unit-test";
		};
		12D4881D2C03E71700620E0E /* JwaBolusUITests */ = {
			isa = PBXNativeTarget;
			buildConfigurationList = 12D4882E2C03E71700620E0E /* Build configuration list for PBXNativeTarget "JwaBolusUITests" */;
			buildPhases = (
				12D4881A2C03E71700620E0E /* Sources */,
				12D4881B2C03E71700620E0E /* Frameworks */,
				12D4881C2C03E71700620E0E /* Resources */,
			);
			buildRules = (
			);
			dependencies = (
				12D488202C03E71700620E0E /* PBXTargetDependency */,
			);
			name = JwaBolusUITests;
			productName = JwaBolusUITests;
			productReference = 12D4881E2C03E71700620E0E /* JwaBolusUITests.xctest */;
			productType = "com.apple.product-type.bundle.ui-testing";
		};
/* End PBXNativeTarget section */

/* Begin PBXProject section */
		12D487FC2C03E71600620E0E /* Project object */ = {
			isa = PBXProject;
			attributes = {
				BuildIndependentTargetsInParallel = 1;
				LastSwiftUpdateCheck = 1540;
				LastUpgradeCheck = 1630;
				TargetAttributes = {
					12D488032C03E71600620E0E = {
						CreatedOnToolsVersion = 15.4;
					};
					12D488132C03E71700620E0E = {
						CreatedOnToolsVersion = 15.4;
						TestTargetID = 12D488032C03E71600620E0E;
					};
					12D4881D2C03E71700620E0E = {
						CreatedOnToolsVersion = 15.4;
						TestTargetID = 12D488032C03E71600620E0E;
					};
				};
			};
			buildConfigurationList = 12D487FF2C03E71600620E0E /* Build configuration list for PBXProject "JwaBolus" */;
			developmentRegion = de;
			hasScannedForEncodings = 0;
			knownRegions = (
				en,
				Base,
				de,
				uk,
			);
			mainGroup = 12D487FB2C03E71600620E0E;
			packageReferences = (
				12109B382D94B59B00B0833B /* XCRemoteSwiftPackageReference "MarkdownUI" */,
				12AF66052D988759006C0CC0 /* XCRemoteSwiftPackageReference "swift-algorithms" */,
				12E0D7592DAB115800ED51A9 /* XCRemoteSwiftPackageReference "SwiftLintPlugins" */,
			);
			preferredProjectObjectVersion = 90;
			productRefGroup = 12D488052C03E71600620E0E /* Products */;
			projectDirPath = "";
			projectRoot = "";
			targets = (
				12D488032C03E71600620E0E /* JwaBolus */,
				12D488132C03E71700620E0E /* JwaBolusTests */,
				12D4881D2C03E71700620E0E /* JwaBolusUITests */,
			);
		};
/* End PBXProject section */

/* Begin PBXResourcesBuildPhase section */
		12D488022C03E71600620E0E /* Resources */ = {
			isa = PBXResourcesBuildPhase;
			files = (
				12D4880F2C03E71700620E0E /* Preview Assets.xcassets in Resources */,
				1237A3382D91FCE2002A1DC0 /* Localizable.strings in Resources */,
				12D4880C2C03E71700620E0E /* Assets.xcassets in Resources */,
				12109B362D94AE3700B0833B /* gpl-3.0.md in Resources */,
				12109B372D94AE3700B0833B /* gpl-3.0.txt in Resources */,
				1237A33A2D91FD2F002A1DC0 /* Localizable.strings in Resources */,
				129F73E62D96D5D60030896D /* Localizable.strings in Resources */,
			);
		};
		12D488122C03E71700620E0E /* Resources */ = {
			isa = PBXResourcesBuildPhase;
			files = (
			);
		};
		12D4881C2C03E71700620E0E /* Resources */ = {
			isa = PBXResourcesBuildPhase;
			files = (
			);
		};
/* End PBXResourcesBuildPhase section */

/* Begin PBXSourcesBuildPhase section */
		12D488002C03E71600620E0E /* Sources */ = {
			isa = PBXSourcesBuildPhase;
			files = (
				1277E4642D93305200EA2D3C /* SportIntensityMenu.swift in Sources */,
				1250AE752D736B0600AC9D25 /* ContentView.swift in Sources */,
				12E68B772D9AE2AE0046579A /* Log.swift in Sources */,
				126A9A242D84A45C00598446 /* CarbUnit.swift in Sources */,
				12E6A5322D94877000629861 /* HelpContentView.swift in Sources */,
				12B4FAA72D8A0E8C0022D585 /* NumberFormatter+Extension.swift in Sources */,
				12E5C1E62D8F5439004C6C65 /* ApplyMorningButton.swift in Sources */,
				121228DA2D762C2100907135 /* ShowAppVersion.swift in Sources */,
				126A9A262D84D25000598446 /* RemainingInsulinManager.swift in Sources */,
				1251418B2DAC6467009FA7D3 /* View+Keyboard.swift in Sources */,
				12B4FAAB2D8A1E9A0022D585 /* ValidatedNumberField.swift in Sources */,
				1250AE762D736B0600AC9D25 /* InputFields.swift in Sources */,
				1247D5302D8D74EB00CE35C3 /* UnitConverter.swift in Sources */,
				12E6A52F2D9475AC00629861 /* InitialSetupView.swift in Sources */,
				12E5C1E02D8F4F8E004C6C65 /* InsulinManagementSection.swift in Sources */,
				12E5C1E22D8F5034004C6C65 /* BloodGlucoseUnitSection.swift in Sources */,
				1250AE782D736B0600AC9D25 /* RemainingInsulin.swift in Sources */,
				1277E4662D93668300EA2D3C /* ConversionConstants.swift in Sources */,
				1250AE792D736B0600AC9D25 /* StartButton.swift in Sources */,
				1250AE7A2D736B0600AC9D25 /* Results.swift in Sources */,
				12E5C1DE2D8F0DB8004C6C65 /* NavigationToolbar.swift in Sources */,
				120CBFA82D836BEB00388B78 /* SportIntensity.swift in Sources */,
				12B4FAA92D8A1D1E0022D585 /* PeriodSettingsView.swift in Sources */,
				12E6A5362D94A0A300629861 /* LicenseView.swift in Sources */,
				1277E4622D930F7C00EA2D3C /* SymbolNames.swift in Sources */,
				1250AE7B2D736B0600AC9D25 /* InfoView.swift in Sources */,
				126A9A222D84A44500598446 /* BloodGlucoseUnit.swift in Sources */,
				12308B5E2D95B18500F90717 /* MarkdownText.swift in Sources */,
				1250AE7C2D736B0600AC9D25 /* SettIngsView.swift in Sources */,
				12E5C1E42D8F5251004C6C65 /* CarbUnitSection.swift in Sources */,
				122428752D7236CB00CDFC96 /* CustomStyles.swift in Sources */,
				120BE5D92D5FE84600CFCF4F /* BolusViewModel.swift in Sources */,
				124792B22D6B9B7A003B4F13 /* TimePeriod.swift in Sources */,
				12D488082C03E71600620E0E /* JwaBolusApp.swift in Sources */,
				12E503EF2D77C1E300DBCA5B /* ResultButton.swift in Sources */,
				12E5C1E92D8F5CFC004C6C65 /* DebouncedText.swift in Sources */,
			);
		};
		12D488102C03E71700620E0E /* Sources */ = {
			isa = PBXSourcesBuildPhase;
			files = (
				120BE5DB2D5FE9D900CFCF4F /* BolusViewModelTests.swift in Sources */,
			);
		};
		12D4881A2C03E71700620E0E /* Sources */ = {
			isa = PBXSourcesBuildPhase;
			files = (
			);
		};
/* End PBXSourcesBuildPhase section */

/* Begin PBXTargetDependency section */
		12B6423E2DA86DEB00AF346E /* PBXTargetDependency */ = {
			isa = PBXTargetDependency;
			productRef = 12B6423D2DA86DEB00AF346E /* MarkdownUI */;
		};
		12B642402DA86DF200AF346E /* PBXTargetDependency */ = {
			isa = PBXTargetDependency;
			productRef = 12B6423F2DA86DF200AF346E /* Algorithms */;
		};
		12D488162C03E71700620E0E /* PBXTargetDependency */ = {
			isa = PBXTargetDependency;
			target = 12D488032C03E71600620E0E /* JwaBolus */;
			targetProxy = 12D488152C03E71700620E0E /* PBXContainerItemProxy */;
		};
		12D488202C03E71700620E0E /* PBXTargetDependency */ = {
			isa = PBXTargetDependency;
			target = 12D488032C03E71600620E0E /* JwaBolus */;
			targetProxy = 12D4881F2C03E71700620E0E /* PBXContainerItemProxy */;
		};
		12E0D75B2DAB118800ED51A9 /* PBXTargetDependency */ = {
			isa = PBXTargetDependency;
			productRef = 12E0D75A2DAB118800ED51A9 /* SwiftLintBuildToolPlugin */;
		};
/* End PBXTargetDependency section */

/* Begin PBXVariantGroup section */
		1237A3342D91FCAC002A1DC0 /* Localizable.strings */ = {
			isa = PBXVariantGroup;
			children = (
				1237A33B2D91FD38002A1DC0 /* en */,
			);
			name = Localizable.strings;
			sourceTree = "<group>";
		};
		1237A3372D91FCE2002A1DC0 /* Localizable.strings */ = {
			isa = PBXVariantGroup;
			children = (
				1237A3362D91FCE2002A1DC0 /* Localizable.strings */,
			);
			name = Localizable.strings;
			sourceTree = "<group>";
		};
		129F73E42D96D5D60030896D /* Localizable.strings */ = {
			isa = PBXVariantGroup;
			children = (
				129F73E52D96D5D60030896D /* uk */,
			);
			name = Localizable.strings;
			sourceTree = "<group>";
		};
/* End PBXVariantGroup section */

/* Begin XCBuildConfiguration section */
		12D488262C03E71700620E0E /* Debug configuration for PBXProject "JwaBolus" */ = {
			isa = XCBuildConfiguration;
			buildSettings = {
				ALWAYS_SEARCH_USER_PATHS = NO;
				ASSETCATALOG_COMPILER_GENERATE_SWIFT_ASSET_SYMBOL_EXTENSIONS = YES;
				CLANG_ANALYZER_LOCALIZABILITY_NONLOCALIZED = YES;
				CLANG_ANALYZER_NONNULL = YES;
				CLANG_ANALYZER_NUMBER_OBJECT_CONVERSION = YES_AGGRESSIVE;
				CLANG_CXX_LANGUAGE_STANDARD = "gnu++20";
				CLANG_ENABLE_MODULES = YES;
				CLANG_ENABLE_OBJC_ARC = YES;
				CLANG_ENABLE_OBJC_WEAK = YES;
				CLANG_WARN_BLOCK_CAPTURE_AUTORELEASING = YES;
				CLANG_WARN_BOOL_CONVERSION = YES;
				CLANG_WARN_COMMA = YES;
				CLANG_WARN_CONSTANT_CONVERSION = YES;
				CLANG_WARN_DEPRECATED_OBJC_IMPLEMENTATIONS = YES;
				CLANG_WARN_DIRECT_OBJC_ISA_USAGE = YES_ERROR;
				CLANG_WARN_DOCUMENTATION_COMMENTS = YES;
				CLANG_WARN_EMPTY_BODY = YES;
				CLANG_WARN_ENUM_CONVERSION = YES;
				CLANG_WARN_INFINITE_RECURSION = YES;
				CLANG_WARN_INT_CONVERSION = YES;
				CLANG_WARN_NON_LITERAL_NULL_CONVERSION = YES;
				CLANG_WARN_OBJC_IMPLICIT_RETAIN_SELF = YES;
				CLANG_WARN_OBJC_LITERAL_CONVERSION = YES;
				CLANG_WARN_OBJC_ROOT_CLASS = YES_ERROR;
				CLANG_WARN_QUOTED_INCLUDE_IN_FRAMEWORK_HEADER = YES;
				CLANG_WARN_RANGE_LOOP_ANALYSIS = YES;
				CLANG_WARN_STRICT_PROTOTYPES = YES;
				CLANG_WARN_SUSPICIOUS_MOVE = YES;
				CLANG_WARN_UNGUARDED_AVAILABILITY = YES_AGGRESSIVE;
				CLANG_WARN_UNREACHABLE_CODE = YES;
				CLANG_WARN__DUPLICATE_METHOD_MATCH = YES;
				COPY_PHASE_STRIP = NO;
				DEBUG_INFORMATION_FORMAT = dwarf;
				DEVELOPMENT_TEAM = 3SK8VSTF3Q;
				ENABLE_STRICT_OBJC_MSGSEND = YES;
				ENABLE_TESTABILITY = YES;
				ENABLE_USER_SCRIPT_SANDBOXING = YES;
				GCC_C_LANGUAGE_STANDARD = gnu17;
				GCC_DYNAMIC_NO_PIC = NO;
				GCC_NO_COMMON_BLOCKS = YES;
				GCC_OPTIMIZATION_LEVEL = 0;
				GCC_PREPROCESSOR_DEFINITIONS = (
					"DEBUG=1",
					"$(inherited)",
				);
				GCC_WARN_64_TO_32_BIT_CONVERSION = YES;
				GCC_WARN_ABOUT_RETURN_TYPE = YES_ERROR;
				GCC_WARN_UNDECLARED_SELECTOR = YES;
				GCC_WARN_UNINITIALIZED_AUTOS = YES_AGGRESSIVE;
				GCC_WARN_UNUSED_FUNCTION = YES;
				GCC_WARN_UNUSED_VARIABLE = YES;
				IPHONEOS_DEPLOYMENT_TARGET = 17.6;
				LOCALIZATION_PREFERS_STRING_CATALOGS = YES;
				MTL_ENABLE_DEBUG_INFO = INCLUDE_SOURCE;
				MTL_FAST_MATH = YES;
				ONLY_ACTIVE_ARCH = YES;
				SDKROOT = iphoneos;
				SWIFT_ACTIVE_COMPILATION_CONDITIONS = "DEBUG $(inherited)";
				SWIFT_OPTIMIZATION_LEVEL = "-Onone";
			};
			name = Debug;
		};
		12D488272C03E71700620E0E /* Release configuration for PBXProject "JwaBolus" */ = {
			isa = XCBuildConfiguration;
			buildSettings = {
				ALWAYS_SEARCH_USER_PATHS = NO;
				ASSETCATALOG_COMPILER_GENERATE_SWIFT_ASSET_SYMBOL_EXTENSIONS = YES;
				CLANG_ANALYZER_LOCALIZABILITY_NONLOCALIZED = YES;
				CLANG_ANALYZER_NONNULL = YES;
				CLANG_ANALYZER_NUMBER_OBJECT_CONVERSION = YES_AGGRESSIVE;
				CLANG_CXX_LANGUAGE_STANDARD = "gnu++20";
				CLANG_ENABLE_MODULES = YES;
				CLANG_ENABLE_OBJC_ARC = YES;
				CLANG_ENABLE_OBJC_WEAK = YES;
				CLANG_WARN_BLOCK_CAPTURE_AUTORELEASING = YES;
				CLANG_WARN_BOOL_CONVERSION = YES;
				CLANG_WARN_COMMA = YES;
				CLANG_WARN_CONSTANT_CONVERSION = YES;
				CLANG_WARN_DEPRECATED_OBJC_IMPLEMENTATIONS = YES;
				CLANG_WARN_DIRECT_OBJC_ISA_USAGE = YES_ERROR;
				CLANG_WARN_DOCUMENTATION_COMMENTS = YES;
				CLANG_WARN_EMPTY_BODY = YES;
				CLANG_WARN_ENUM_CONVERSION = YES;
				CLANG_WARN_INFINITE_RECURSION = YES;
				CLANG_WARN_INT_CONVERSION = YES;
				CLANG_WARN_NON_LITERAL_NULL_CONVERSION = YES;
				CLANG_WARN_OBJC_IMPLICIT_RETAIN_SELF = YES;
				CLANG_WARN_OBJC_LITERAL_CONVERSION = YES;
				CLANG_WARN_OBJC_ROOT_CLASS = YES_ERROR;
				CLANG_WARN_QUOTED_INCLUDE_IN_FRAMEWORK_HEADER = YES;
				CLANG_WARN_RANGE_LOOP_ANALYSIS = YES;
				CLANG_WARN_STRICT_PROTOTYPES = YES;
				CLANG_WARN_SUSPICIOUS_MOVE = YES;
				CLANG_WARN_UNGUARDED_AVAILABILITY = YES_AGGRESSIVE;
				CLANG_WARN_UNREACHABLE_CODE = YES;
				CLANG_WARN__DUPLICATE_METHOD_MATCH = YES;
				COPY_PHASE_STRIP = NO;
				DEBUG_INFORMATION_FORMAT = "dwarf-with-dsym";
				DEVELOPMENT_TEAM = 3SK8VSTF3Q;
				ENABLE_NS_ASSERTIONS = NO;
				ENABLE_STRICT_OBJC_MSGSEND = YES;
				ENABLE_USER_SCRIPT_SANDBOXING = YES;
				GCC_C_LANGUAGE_STANDARD = gnu17;
				GCC_NO_COMMON_BLOCKS = YES;
				GCC_WARN_64_TO_32_BIT_CONVERSION = YES;
				GCC_WARN_ABOUT_RETURN_TYPE = YES_ERROR;
				GCC_WARN_UNDECLARED_SELECTOR = YES;
				GCC_WARN_UNINITIALIZED_AUTOS = YES_AGGRESSIVE;
				GCC_WARN_UNUSED_FUNCTION = YES;
				GCC_WARN_UNUSED_VARIABLE = YES;
				IPHONEOS_DEPLOYMENT_TARGET = 17.6;
				LOCALIZATION_PREFERS_STRING_CATALOGS = YES;
				MTL_ENABLE_DEBUG_INFO = NO;
				MTL_FAST_MATH = YES;
				SDKROOT = iphoneos;
				SWIFT_COMPILATION_MODE = wholemodule;
				VALIDATE_PRODUCT = YES;
			};
			name = Release;
		};
		12D488292C03E71700620E0E /* Debug configuration for PBXNativeTarget "JwaBolus" */ = {
			isa = XCBuildConfiguration;
			buildSettings = {
				ASSETCATALOG_COMPILER_APPICON_NAME = AppIcon;
				ASSETCATALOG_COMPILER_GLOBAL_ACCENT_COLOR_NAME = AccentColor;
				CODE_SIGN_STYLE = Automatic;
				CURRENT_PROJECT_VERSION = 2100;
				DEVELOPMENT_ASSET_PATHS = "\"JwaBolus/Preview Content\"";
				ENABLE_PREVIEWS = YES;
				GENERATE_INFOPLIST_FILE = YES;
				INFOPLIST_KEY_CFBundleDisplayName = JwaBolus;
				INFOPLIST_KEY_LSApplicationCategoryType = "public.app-category.education";
				INFOPLIST_KEY_UIApplicationSceneManifest_Generation = YES;
				INFOPLIST_KEY_UIApplicationSupportsIndirectInputEvents = YES;
				INFOPLIST_KEY_UILaunchScreen_Generation = YES;
				INFOPLIST_KEY_UISupportedInterfaceOrientations_iPad = "UIInterfaceOrientationPortrait UIInterfaceOrientationPortraitUpsideDown UIInterfaceOrientationLandscapeLeft UIInterfaceOrientationLandscapeRight";
				INFOPLIST_KEY_UISupportedInterfaceOrientations_iPhone = "UIInterfaceOrientationPortrait UIInterfaceOrientationLandscapeLeft UIInterfaceOrientationLandscapeRight";
				IPHONEOS_DEPLOYMENT_TARGET = 17.6;
				LD_RUNPATH_SEARCH_PATHS = (
					"$(inherited)",
					"@executable_path/Frameworks",
				);
				MARKETING_VERSION = 2.1.0;
				PRODUCT_BUNDLE_IDENTIFIER = de.jalthoff.JwaBolus;
				PRODUCT_NAME = "$(TARGET_NAME)";
				SWIFT_EMIT_LOC_STRINGS = YES;
				SWIFT_VERSION = 6.0;
				TARGETED_DEVICE_FAMILY = "1,2";
				VERSIONING_SYSTEM = "apple-generic";
			};
			name = Debug;
		};
		12D4882A2C03E71700620E0E /* Release configuration for PBXNativeTarget "JwaBolus" */ = {
			isa = XCBuildConfiguration;
			buildSettings = {
				ASSETCATALOG_COMPILER_APPICON_NAME = AppIcon;
				ASSETCATALOG_COMPILER_GLOBAL_ACCENT_COLOR_NAME = AccentColor;
				CODE_SIGN_STYLE = Automatic;
				CURRENT_PROJECT_VERSION = 2100;
				DEVELOPMENT_ASSET_PATHS = "\"JwaBolus/Preview Content\"";
				ENABLE_PREVIEWS = YES;
				GENERATE_INFOPLIST_FILE = YES;
				INFOPLIST_KEY_CFBundleDisplayName = JwaBolus;
				INFOPLIST_KEY_LSApplicationCategoryType = "public.app-category.education";
				INFOPLIST_KEY_UIApplicationSceneManifest_Generation = YES;
				INFOPLIST_KEY_UIApplicationSupportsIndirectInputEvents = YES;
				INFOPLIST_KEY_UILaunchScreen_Generation = YES;
				INFOPLIST_KEY_UISupportedInterfaceOrientations_iPad = "UIInterfaceOrientationPortrait UIInterfaceOrientationPortraitUpsideDown UIInterfaceOrientationLandscapeLeft UIInterfaceOrientationLandscapeRight";
				INFOPLIST_KEY_UISupportedInterfaceOrientations_iPhone = "UIInterfaceOrientationPortrait UIInterfaceOrientationLandscapeLeft UIInterfaceOrientationLandscapeRight";
				IPHONEOS_DEPLOYMENT_TARGET = 17.6;
				LD_RUNPATH_SEARCH_PATHS = (
					"$(inherited)",
					"@executable_path/Frameworks",
				);
				MARKETING_VERSION = 2.1.0;
				PRODUCT_BUNDLE_IDENTIFIER = de.jalthoff.JwaBolus;
				PRODUCT_NAME = "$(TARGET_NAME)";
				SWIFT_EMIT_LOC_STRINGS = YES;
				SWIFT_VERSION = 6.0;
				TARGETED_DEVICE_FAMILY = "1,2";
				VERSIONING_SYSTEM = "apple-generic";
			};
			name = Release;
		};
		12D4882C2C03E71700620E0E /* Debug configuration for PBXNativeTarget "JwaBolusTests" */ = {
			isa = XCBuildConfiguration;
			buildSettings = {
				BUNDLE_LOADER = "$(TEST_HOST)";
				CODE_SIGN_STYLE = Automatic;
				CURRENT_PROJECT_VERSION = 1;
				GENERATE_INFOPLIST_FILE = YES;
				IPHONEOS_DEPLOYMENT_TARGET = 18.0;
				MARKETING_VERSION = 1.0;
				PRODUCT_BUNDLE_IDENTIFIER = de.jalthoff.JwaBolusTests;
				PRODUCT_NAME = "$(TARGET_NAME)";
				SWIFT_EMIT_LOC_STRINGS = NO;
				SWIFT_VERSION = 5.0;
				TARGETED_DEVICE_FAMILY = "1,2";
				TEST_HOST = "$(BUILT_PRODUCTS_DIR)/JwaBolus.app/$(BUNDLE_EXECUTABLE_FOLDER_PATH)/JwaBolus";
			};
			name = Debug;
		};
		12D4882D2C03E71700620E0E /* Release configuration for PBXNativeTarget "JwaBolusTests" */ = {
			isa = XCBuildConfiguration;
			buildSettings = {
				BUNDLE_LOADER = "$(TEST_HOST)";
				CODE_SIGN_STYLE = Automatic;
				CURRENT_PROJECT_VERSION = 1;
				GENERATE_INFOPLIST_FILE = YES;
				IPHONEOS_DEPLOYMENT_TARGET = 18.0;
				MARKETING_VERSION = 1.0;
				PRODUCT_BUNDLE_IDENTIFIER = de.jalthoff.JwaBolusTests;
				PRODUCT_NAME = "$(TARGET_NAME)";
				SWIFT_EMIT_LOC_STRINGS = NO;
				SWIFT_VERSION = 5.0;
				TARGETED_DEVICE_FAMILY = "1,2";
				TEST_HOST = "$(BUILT_PRODUCTS_DIR)/JwaBolus.app/$(BUNDLE_EXECUTABLE_FOLDER_PATH)/JwaBolus";
			};
			name = Release;
		};
		12D4882F2C03E71700620E0E /* Debug configuration for PBXNativeTarget "JwaBolusUITests" */ = {
			isa = XCBuildConfiguration;
			buildSettings = {
				CODE_SIGN_STYLE = Automatic;
				CURRENT_PROJECT_VERSION = 1;
				GENERATE_INFOPLIST_FILE = YES;
				IPHONEOS_DEPLOYMENT_TARGET = 17.6;
				MARKETING_VERSION = 1.0;
				PRODUCT_BUNDLE_IDENTIFIER = de.jalthoff.JwaBolusUITests;
				PRODUCT_NAME = "$(TARGET_NAME)";
				SWIFT_EMIT_LOC_STRINGS = NO;
				SWIFT_VERSION = 5.0;
				TARGETED_DEVICE_FAMILY = "1,2";
				TEST_TARGET_NAME = JwaBolus;
			};
			name = Debug;
		};
		12D488302C03E71700620E0E /* Release configuration for PBXNativeTarget "JwaBolusUITests" */ = {
			isa = XCBuildConfiguration;
			buildSettings = {
				CODE_SIGN_STYLE = Automatic;
				CURRENT_PROJECT_VERSION = 1;
				GENERATE_INFOPLIST_FILE = YES;
				IPHONEOS_DEPLOYMENT_TARGET = 17.6;
				MARKETING_VERSION = 1.0;
				PRODUCT_BUNDLE_IDENTIFIER = de.jalthoff.JwaBolusUITests;
				PRODUCT_NAME = "$(TARGET_NAME)";
				SWIFT_EMIT_LOC_STRINGS = NO;
				SWIFT_VERSION = 5.0;
				TARGETED_DEVICE_FAMILY = "1,2";
				TEST_TARGET_NAME = JwaBolus;
			};
			name = Release;
		};
/* End XCBuildConfiguration section */

/* Begin XCConfigurationList section */
		12D487FF2C03E71600620E0E /* Build configuration list for PBXProject "JwaBolus" */ = {
			isa = XCConfigurationList;
			buildConfigurations = (
				12D488262C03E71700620E0E /* Debug configuration for PBXProject "JwaBolus" */,
				12D488272C03E71700620E0E /* Release configuration for PBXProject "JwaBolus" */,
			);
			defaultConfigurationName = Release;
		};
		12D488282C03E71700620E0E /* Build configuration list for PBXNativeTarget "JwaBolus" */ = {
			isa = XCConfigurationList;
			buildConfigurations = (
				12D488292C03E71700620E0E /* Debug configuration for PBXNativeTarget "JwaBolus" */,
				12D4882A2C03E71700620E0E /* Release configuration for PBXNativeTarget "JwaBolus" */,
			);
			defaultConfigurationName = Release;
		};
		12D4882B2C03E71700620E0E /* Build configuration list for PBXNativeTarget "JwaBolusTests" */ = {
			isa = XCConfigurationList;
			buildConfigurations = (
				12D4882C2C03E71700620E0E /* Debug configuration for PBXNativeTarget "JwaBolusTests" */,
				12D4882D2C03E71700620E0E /* Release configuration for PBXNativeTarget "JwaBolusTests" */,
			);
			defaultConfigurationName = Release;
		};
		12D4882E2C03E71700620E0E /* Build configuration list for PBXNativeTarget "JwaBolusUITests" */ = {
			isa = XCConfigurationList;
			buildConfigurations = (
				12D4882F2C03E71700620E0E /* Debug configuration for PBXNativeTarget "JwaBolusUITests" */,
				12D488302C03E71700620E0E /* Release configuration for PBXNativeTarget "JwaBolusUITests" */,
			);
			defaultConfigurationName = Release;
		};
/* End XCConfigurationList section */

/* Begin XCRemoteSwiftPackageReference section */
		12109B382D94B59B00B0833B /* XCRemoteSwiftPackageReference "MarkdownUI" */ = {
			isa = XCRemoteSwiftPackageReference;
			repositoryURL = "https://github.com/gonzalezreal/MarkdownUI";
			requirement = {
				kind = upToNextMajorVersion;
				minimumVersion = 2.4.1;
			};
		};
		12AF66052D988759006C0CC0 /* XCRemoteSwiftPackageReference "swift-algorithms" */ = {
			isa = XCRemoteSwiftPackageReference;
			repositoryURL = "https://github.com/apple/swift-algorithms.git";
			requirement = {
				kind = upToNextMajorVersion;
				minimumVersion = 1.2.1;
			};
		};
		12E0D7592DAB115800ED51A9 /* XCRemoteSwiftPackageReference "SwiftLintPlugins" */ = {
			isa = XCRemoteSwiftPackageReference;
			repositoryURL = "https://github.com/SimplyDanny/SwiftLintPlugins";
			requirement = {
				kind = upToNextMajorVersion;
				minimumVersion = 0.59.0;
			};
		};
/* End XCRemoteSwiftPackageReference section */

/* Begin XCSwiftPackageProductDependency section */
		12109B3E2D94B83A00B0833B /* MarkdownUI */ = {
			isa = XCSwiftPackageProductDependency;
			package = 12109B382D94B59B00B0833B /* XCRemoteSwiftPackageReference "MarkdownUI" */;
			productName = MarkdownUI;
		};
		12AF66062D988759006C0CC0 /* Algorithms */ = {
			isa = XCSwiftPackageProductDependency;
			package = 12AF66052D988759006C0CC0 /* XCRemoteSwiftPackageReference "swift-algorithms" */;
			productName = Algorithms;
		};
		12B6423D2DA86DEB00AF346E /* MarkdownUI */ = {
			isa = XCSwiftPackageProductDependency;
			package = 12109B382D94B59B00B0833B /* XCRemoteSwiftPackageReference "MarkdownUI" */;
			productName = MarkdownUI;
		};
		12B6423F2DA86DF200AF346E /* Algorithms */ = {
			isa = XCSwiftPackageProductDependency;
			package = 12AF66052D988759006C0CC0 /* XCRemoteSwiftPackageReference "swift-algorithms" */;
			productName = Algorithms;
		};
		12E0D75A2DAB118800ED51A9 /* SwiftLintBuildToolPlugin */ = {
			isa = XCSwiftPackageProductDependency;
			package = 12E0D7592DAB115800ED51A9 /* XCRemoteSwiftPackageReference "SwiftLintPlugins" */;
			productName = "plugin:SwiftLintBuildToolPlugin";
		};
/* End XCSwiftPackageProductDependency section */
	};
	rootObject = 12D487FC2C03E71600620E0E /* Project object */;
}
